// !$*UTF8*$!
{
	archiveVersion = 1;
	classes = {
	};
	objectVersion = 50;
	objects = {

/* Begin PBXBuildFile section */
		B30C07C025C424A200C5CFCD /* AppDelegate.swift in Sources */ = {isa = PBXBuildFile; fileRef = B30C07BF25C424A200C5CFCD /* AppDelegate.swift */; };
		B30C07C225C424A200C5CFCD /* SceneDelegate.swift in Sources */ = {isa = PBXBuildFile; fileRef = B30C07C125C424A200C5CFCD /* SceneDelegate.swift */; };
		B30C07C425C424A200C5CFCD /* HomeVC.swift in Sources */ = {isa = PBXBuildFile; fileRef = B30C07C325C424A200C5CFCD /* HomeVC.swift */; };
		B30C07C725C424A200C5CFCD /* Main.storyboard in Resources */ = {isa = PBXBuildFile; fileRef = B30C07C525C424A200C5CFCD /* Main.storyboard */; };
		B30C07C925C424A500C5CFCD /* Assets.xcassets in Resources */ = {isa = PBXBuildFile; fileRef = B30C07C825C424A500C5CFCD /* Assets.xcassets */; };
		B30C07CC25C424A500C5CFCD /* LaunchScreen.storyboard in Resources */ = {isa = PBXBuildFile; fileRef = B30C07CA25C424A500C5CFCD /* LaunchScreen.storyboard */; };
		B3AEB2A125CED82F00599628 /* GoogleMobileAds.framework in Frameworks */ = {isa = PBXBuildFile; fileRef = B3AEB2A025CED82F00599628 /* GoogleMobileAds.framework */; settings = {ATTRIBUTES = (Required, ); }; };
		B3AEB2B025CEE32F00599628 /* PurchaseManager.swift in Sources */ = {isa = PBXBuildFile; fileRef = B3AEB2AF25CEE32F00599628 /* PurchaseManager.swift */; };
/* End PBXBuildFile section */

/* Begin PBXFileReference section */
		B30C07BC25C424A200C5CFCD /* daily-dose.app */ = {isa = PBXFileReference; explicitFileType = wrapper.application; includeInIndex = 0; path = "daily-dose.app"; sourceTree = BUILT_PRODUCTS_DIR; };
		B30C07BF25C424A200C5CFCD /* AppDelegate.swift */ = {isa = PBXFileReference; lastKnownFileType = sourcecode.swift; path = AppDelegate.swift; sourceTree = "<group>"; };
		B30C07C125C424A200C5CFCD /* SceneDelegate.swift */ = {isa = PBXFileReference; lastKnownFileType = sourcecode.swift; path = SceneDelegate.swift; sourceTree = "<group>"; };
		B30C07C325C424A200C5CFCD /* HomeVC.swift */ = {isa = PBXFileReference; lastKnownFileType = sourcecode.swift; path = HomeVC.swift; sourceTree = "<group>"; };
		B30C07C625C424A200C5CFCD /* Base */ = {isa = PBXFileReference; lastKnownFileType = file.storyboard; name = Base; path = Base.lproj/Main.storyboard; sourceTree = "<group>"; };
		B30C07C825C424A500C5CFCD /* Assets.xcassets */ = {isa = PBXFileReference; lastKnownFileType = folder.assetcatalog; path = Assets.xcassets; sourceTree = "<group>"; };
		B30C07CB25C424A500C5CFCD /* Base */ = {isa = PBXFileReference; lastKnownFileType = file.storyboard; name = Base; path = Base.lproj/LaunchScreen.storyboard; sourceTree = "<group>"; };
		B30C07CD25C424A500C5CFCD /* Info.plist */ = {isa = PBXFileReference; lastKnownFileType = text.plist.xml; path = Info.plist; sourceTree = "<group>"; };
		B3AEB2A025CED82F00599628 /* GoogleMobileAds.framework */ = {isa = PBXFileReference; lastKnownFileType = wrapper.framework; path = GoogleMobileAds.framework; sourceTree = "<group>"; };
		B3AEB2AF25CEE32F00599628 /* PurchaseManager.swift */ = {isa = PBXFileReference; lastKnownFileType = sourcecode.swift; path = PurchaseManager.swift; sourceTree = "<group>"; };
/* End PBXFileReference section */

/* Begin PBXFrameworksBuildPhase section */
		B30C07B925C424A200C5CFCD /* Frameworks */ = {
			isa = PBXFrameworksBuildPhase;
			buildActionMask = 2147483647;
			files = (
				B3AEB2A125CED82F00599628 /* GoogleMobileAds.framework in Frameworks */,
			);
			runOnlyForDeploymentPostprocessing = 0;
		};
/* End PBXFrameworksBuildPhase section */

/* Begin PBXGroup section */
		B30C07B325C424A200C5CFCD = {
			isa = PBXGroup;
			children = (
				B30C07BE25C424A200C5CFCD /* daily-dose */,
				B30C07BD25C424A200C5CFCD /* Products */,
				B3AEB2A325CED86100599628 /* Frameworks */,
			);
			sourceTree = "<group>";
		};
		B30C07BD25C424A200C5CFCD /* Products */ = {
			isa = PBXGroup;
			children = (
				B30C07BC25C424A200C5CFCD /* daily-dose.app */,
			);
			name = Products;
			sourceTree = "<group>";
		};
		B30C07BE25C424A200C5CFCD /* daily-dose */ = {
			isa = PBXGroup;
			children = (
				B3AEB2AE25CEE31900599628 /* PurchaseManager */,
				B3AEB2AC25CEE2E400599628 /* Controller */,
				B30C07BF25C424A200C5CFCD /* AppDelegate.swift */,
				B30C07C125C424A200C5CFCD /* SceneDelegate.swift */,
				B30C07C525C424A200C5CFCD /* Main.storyboard */,
				B30C07C825C424A500C5CFCD /* Assets.xcassets */,
				B30C07CA25C424A500C5CFCD /* LaunchScreen.storyboard */,
				B30C07CD25C424A500C5CFCD /* Info.plist */,
			);
			path = "daily-dose";
			sourceTree = "<group>";
		};
		B3AEB2A325CED86100599628 /* Frameworks */ = {
			isa = PBXGroup;
			children = (
				B3AEB2A025CED82F00599628 /* GoogleMobileAds.framework */,
			);
			path = Frameworks;
			sourceTree = "<group>";
		};
		B3AEB2AC25CEE2E400599628 /* Controller */ = {
			isa = PBXGroup;
			children = (
				B30C07C325C424A200C5CFCD /* HomeVC.swift */,
			);
			path = Controller;
			sourceTree = "<group>";
		};
		B3AEB2AE25CEE31900599628 /* PurchaseManager */ = {
			isa = PBXGroup;
			children = (
				B3AEB2AF25CEE32F00599628 /* PurchaseManager.swift */,
			);
			path = PurchaseManager;
			sourceTree = "<group>";
		};
/* End PBXGroup section */

/* Begin PBXNativeTarget section */
		B30C07BB25C424A200C5CFCD /* daily-dose */ = {
			isa = PBXNativeTarget;
			buildConfigurationList = B30C07D025C424A500C5CFCD /* Build configuration list for PBXNativeTarget "daily-dose" */;
			buildPhases = (
				B30C07B825C424A200C5CFCD /* Sources */,
				B30C07B925C424A200C5CFCD /* Frameworks */,
				B30C07BA25C424A200C5CFCD /* Resources */,
			);
			buildRules = (
			);
			dependencies = (
			);
			name = "daily-dose";
			productName = "daily-dose";
			productReference = B30C07BC25C424A200C5CFCD /* daily-dose.app */;
			productType = "com.apple.product-type.application";
		};
/* End PBXNativeTarget section */

/* Begin PBXProject section */
		B30C07B425C424A200C5CFCD /* Project object */ = {
			isa = PBXProject;
			attributes = {
				LastSwiftUpdateCheck = 1220;
				LastUpgradeCheck = 1220;
				TargetAttributes = {
					B30C07BB25C424A200C5CFCD = {
						CreatedOnToolsVersion = 12.2;
					};
				};
			};
			buildConfigurationList = B30C07B725C424A200C5CFCD /* Build configuration list for PBXProject "daily-dose" */;
			compatibilityVersion = "Xcode 9.3";
			developmentRegion = en;
			hasScannedForEncodings = 0;
			knownRegions = (
				en,
				Base,
			);
			mainGroup = B30C07B325C424A200C5CFCD;
			productRefGroup = B30C07BD25C424A200C5CFCD /* Products */;
			projectDirPath = "";
			projectRoot = "";
			targets = (
				B30C07BB25C424A200C5CFCD /* daily-dose */,
			);
		};
/* End PBXProject section */

/* Begin PBXResourcesBuildPhase section */
		B30C07BA25C424A200C5CFCD /* Resources */ = {
			isa = PBXResourcesBuildPhase;
			buildActionMask = 2147483647;
			files = (
				B30C07CC25C424A500C5CFCD /* LaunchScreen.storyboard in Resources */,
				B30C07C925C424A500C5CFCD /* Assets.xcassets in Resources */,
				B30C07C725C424A200C5CFCD /* Main.storyboard in Resources */,
			);
			runOnlyForDeploymentPostprocessing = 0;
		};
/* End PBXResourcesBuildPhase section */

/* Begin PBXSourcesBuildPhase section */
		B30C07B825C424A200C5CFCD /* Sources */ = {
			isa = PBXSourcesBuildPhase;
			buildActionMask = 2147483647;
			files = (
				B30C07C425C424A200C5CFCD /* HomeVC.swift in Sources */,
				B30C07C025C424A200C5CFCD /* AppDelegate.swift in Sources */,
				B3AEB2B025CEE32F00599628 /* PurchaseManager.swift in Sources */,
				B30C07C225C424A200C5CFCD /* SceneDelegate.swift in Sources */,
			);
			runOnlyForDeploymentPostprocessing = 0;
		};
/* End PBXSourcesBuildPhase section */

/* Begin PBXVariantGroup section */
		B30C07C525C424A200C5CFCD /* Main.storyboard */ = {
			isa = PBXVariantGroup;
			children = (
				B30C07C625C424A200C5CFCD /* Base */,
			);
			name = Main.storyboard;
			sourceTree = "<group>";
		};
		B30C07CA25C424A500C5CFCD /* LaunchScreen.storyboard */ = {
			isa = PBXVariantGroup;
			children = (
				B30C07CB25C424A500C5CFCD /* Base */,
			);
			name = LaunchScreen.storyboard;
			sourceTree = "<group>";
		};
/* End PBXVariantGroup section */

/* Begin XCBuildConfiguration section */
		B30C07CE25C424A500C5CFCD /* Debug */ = {
			isa = XCBuildConfiguration;
			buildSettings = {
				ALWAYS_SEARCH_USER_PATHS = NO;
				CLANG_ANALYZER_NONNULL = YES;
				CLANG_ANALYZER_NUMBER_OBJECT_CONVERSION = YES_AGGRESSIVE;
				CLANG_CXX_LANGUAGE_STANDARD = "gnu++14";
				CLANG_CXX_LIBRARY = "libc++";
				CLANG_ENABLE_MODULES = YES;
				CLANG_ENABLE_OBJC_ARC = YES;
				CLANG_ENABLE_OBJC_WEAK = YES;
				CLANG_WARN_BLOCK_CAPTURE_AUTORELEASING = YES;
				CLANG_WARN_BOOL_CONVERSION = YES;
				CLANG_WARN_COMMA = YES;
				CLANG_WARN_CONSTANT_CONVERSION = YES;
				CLANG_WARN_DEPRECATED_OBJC_IMPLEMENTATIONS = YES;
				CLANG_WARN_DIRECT_OBJC_ISA_USAGE = YES_ERROR;
				CLANG_WARN_DOCUMENTATION_COMMENTS = YES;
				CLANG_WARN_EMPTY_BODY = YES;
				CLANG_WARN_ENUM_CONVERSION = YES;
				CLANG_WARN_INFINITE_RECURSION = YES;
				CLANG_WARN_INT_CONVERSION = YES;
				CLANG_WARN_NON_LITERAL_NULL_CONVERSION = YES;
				CLANG_WARN_OBJC_IMPLICIT_RETAIN_SELF = YES;
				CLANG_WARN_OBJC_LITERAL_CONVERSION = YES;
				CLANG_WARN_OBJC_ROOT_CLASS = YES_ERROR;
				CLANG_WARN_QUOTED_INCLUDE_IN_FRAMEWORK_HEADER = YES;
				CLANG_WARN_RANGE_LOOP_ANALYSIS = YES;
				CLANG_WARN_STRICT_PROTOTYPES = YES;
				CLANG_WARN_SUSPICIOUS_MOVE = YES;
				CLANG_WARN_UNGUARDED_AVAILABILITY = YES_AGGRESSIVE;
				CLANG_WARN_UNREACHABLE_CODE = YES;
				CLANG_WARN__DUPLICATE_METHOD_MATCH = YES;
				COPY_PHASE_STRIP = NO;
				DEBUG_INFORMATION_FORMAT = dwarf;
				ENABLE_STRICT_OBJC_MSGSEND = YES;
				ENABLE_TESTABILITY = YES;
				GCC_C_LANGUAGE_STANDARD = gnu11;
				GCC_DYNAMIC_NO_PIC = NO;
				GCC_NO_COMMON_BLOCKS = YES;
				GCC_OPTIMIZATION_LEVEL = 0;
				GCC_PREPROCESSOR_DEFINITIONS = (
					"DEBUG=1",
					"$(inherited)",
				);
				GCC_WARN_64_TO_32_BIT_CONVERSION = YES;
				GCC_WARN_ABOUT_RETURN_TYPE = YES_ERROR;
				GCC_WARN_UNDECLARED_SELECTOR = YES;
				GCC_WARN_UNINITIALIZED_AUTOS = YES_AGGRESSIVE;
				GCC_WARN_UNUSED_FUNCTION = YES;
				GCC_WARN_UNUSED_VARIABLE = YES;
				IPHONEOS_DEPLOYMENT_TARGET = 14.2;
				MTL_ENABLE_DEBUG_INFO = INCLUDE_SOURCE;
				MTL_FAST_MATH = YES;
				ONLY_ACTIVE_ARCH = YES;
				SDKROOT = iphoneos;
				SWIFT_ACTIVE_COMPILATION_CONDITIONS = DEBUG;
				SWIFT_OPTIMIZATION_LEVEL = "-Onone";
			};
			name = Debug;
		};
		B30C07CF25C424A500C5CFCD /* Release */ = {
			isa = XCBuildConfiguration;
			buildSettings = {
				ALWAYS_SEARCH_USER_PATHS = NO;
				CLANG_ANALYZER_NONNULL = YES;
				CLANG_ANALYZER_NUMBER_OBJECT_CONVERSION = YES_AGGRESSIVE;
				CLANG_CXX_LANGUAGE_STANDARD = "gnu++14";
				CLANG_CXX_LIBRARY = "libc++";
				CLANG_ENABLE_MODULES = YES;
				CLANG_ENABLE_OBJC_ARC = YES;
				CLANG_ENABLE_OBJC_WEAK = YES;
				CLANG_WARN_BLOCK_CAPTURE_AUTORELEASING = YES;
				CLANG_WARN_BOOL_CONVERSION = YES;
				CLANG_WARN_COMMA = YES;
				CLANG_WARN_CONSTANT_CONVERSION = YES;
				CLANG_WARN_DEPRECATED_OBJC_IMPLEMENTATIONS = YES;
				CLANG_WARN_DIRECT_OBJC_ISA_USAGE = YES_ERROR;
				CLANG_WARN_DOCUMENTATION_COMMENTS = YES;
				CLANG_WARN_EMPTY_BODY = YES;
				CLANG_WARN_ENUM_CONVERSION = YES;
				CLANG_WARN_INFINITE_RECURSION = YES;
				CLANG_WARN_INT_CONVERSION = YES;
				CLANG_WARN_NON_LITERAL_NULL_CONVERSION = YES;
				CLANG_WARN_OBJC_IMPLICIT_RETAIN_SELF = YES;
				CLANG_WARN_OBJC_LITERAL_CONVERSION = YES;
				CLANG_WARN_OBJC_ROOT_CLASS = YES_ERROR;
				CLANG_WARN_QUOTED_INCLUDE_IN_FRAMEWORK_HEADER = YES;
				CLANG_WARN_RANGE_LOOP_ANALYSIS = YES;
				CLANG_WARN_STRICT_PROTOTYPES = YES;
				CLANG_WARN_SUSPICIOUS_MOVE = YES;
				CLANG_WARN_UNGUARDED_AVAILABILITY = YES_AGGRESSIVE;
				CLANG_WARN_UNREACHABLE_CODE = YES;
				CLANG_WARN__DUPLICATE_METHOD_MATCH = YES;
				COPY_PHASE_STRIP = NO;
				DEBUG_INFORMATION_FORMAT = "dwarf-with-dsym";
				ENABLE_NS_ASSERTIONS = NO;
				ENABLE_STRICT_OBJC_MSGSEND = YES;
				GCC_C_LANGUAGE_STANDARD = gnu11;
				GCC_NO_COMMON_BLOCKS = YES;
				GCC_WARN_64_TO_32_BIT_CONVERSION = YES;
				GCC_WARN_ABOUT_RETURN_TYPE = YES_ERROR;
				GCC_WARN_UNDECLARED_SELECTOR = YES;
				GCC_WARN_UNINITIALIZED_AUTOS = YES_AGGRESSIVE;
				GCC_WARN_UNUSED_FUNCTION = YES;
				GCC_WARN_UNUSED_VARIABLE = YES;
				IPHONEOS_DEPLOYMENT_TARGET = 14.2;
				MTL_ENABLE_DEBUG_INFO = NO;
				MTL_FAST_MATH = YES;
				SDKROOT = iphoneos;
				SWIFT_COMPILATION_MODE = wholemodule;
				SWIFT_OPTIMIZATION_LEVEL = "-O";
				VALIDATE_PRODUCT = YES;
			};
			name = Release;
		};
		B30C07D125C424A500C5CFCD /* Debug */ = {
			isa = XCBuildConfiguration;
			buildSettings = {
				ASSETCATALOG_COMPILER_APPICON_NAME = AppIcon;
				ASSETCATALOG_COMPILER_GLOBAL_ACCENT_COLOR_NAME = AccentColor;
				CODE_SIGN_STYLE = Automatic;
				DEVELOPMENT_TEAM = K2XWCR3756;
				ENABLE_BITCODE = NO;
				FRAMEWORK_SEARCH_PATHS = (
					"$(inherited)",
					"$(PROJECT_DIR)",
					"$(PROJECT_DIR)/Frameworks",
				);
				INFOPLIST_FILE = "daily-dose/Info.plist";
				LD_RUNPATH_SEARCH_PATHS = (
					"$(inherited)",
					"@executable_path/Frameworks",
				);
				OTHER_LDFLAGS = "-ObjC";
				PRODUCT_BUNDLE_IDENTIFIER = "SNStudio.daily-dose";
				PRODUCT_NAME = "$(TARGET_NAME)";
				SWIFT_VERSION = 5.0;
				TARGETED_DEVICE_FAMILY = 1;
			};
			name = Debug;
		};
		B30C07D225C424A500C5CFCD /* Release */ = {
			isa = XCBuildConfiguration;
			buildSettings = {
				ASSETCATALOG_COMPILER_APPICON_NAME = AppIcon;
				ASSETCATALOG_COMPILER_GLOBAL_ACCENT_COLOR_NAME = AccentColor;
				CODE_SIGN_STYLE = Automatic;
				DEVELOPMENT_TEAM = K2XWCR3756;
				ENABLE_BITCODE = NO;
				FRAMEWORK_SEARCH_PATHS = (
					"$(inherited)",
					"$(PROJECT_DIR)",
					"$(PROJECT_DIR)/Frameworks",
				);
				INFOPLIST_FILE = "daily-dose/Info.plist";
				LD_RUNPATH_SEARCH_PATHS = (
					"$(inherited)",
					"@executable_path/Frameworks",
				);
				OTHER_LDFLAGS = "-ObjC";
				PRODUCT_BUNDLE_IDENTIFIER = "SNStudio.daily-dose";
				PRODUCT_NAME = "$(TARGET_NAME)";
				SWIFT_VERSION = 5.0;
				TARGETED_DEVICE_FAMILY = 1;
			};
			name = Release;
		};
/* End XCBuildConfiguration section */

/* Begin XCConfigurationList section */
		B30C07B725C424A200C5CFCD /* Build configuration list for PBXProject "daily-dose" */ = {
			isa = XCConfigurationList;
			buildConfigurations = (
				B30C07CE25C424A500C5CFCD /* Debug */,
				B30C07CF25C424A500C5CFCD /* Release */,
			);
			defaultConfigurationIsVisible = 0;
			defaultConfigurationName = Release;
		};
		B30C07D025C424A500C5CFCD /* Build configuration list for PBXNativeTarget "daily-dose" */ = {
			isa = XCConfigurationList;
			buildConfigurations = (
				B30C07D125C424A500C5CFCD /* Debug */,
				B30C07D225C424A500C5CFCD /* Release */,
			);
			defaultConfigurationIsVisible = 0;
			defaultConfigurationName = Release;
		};
/* End XCConfigurationList section */
	};
	rootObject = B30C07B425C424A200C5CFCD /* Project object */;
}
