// !$*UTF8*$!
{
	archiveVersion = 1;
	classes = {
	};
	objectVersion = 51;
	objects = {

/* Begin PBXBuildFile section */
		3449C1BDCF0BB8CBD926360F /* Pods_Monopoly_Money_Counter.framework in Frameworks */ = {isa = PBXBuildFile; fileRef = 6DE211FC827FB2AB36D5B77D /* Pods_Monopoly_Money_Counter.framework */; };
		89A418C18D74C47567BF9C30 /* Pods_Monopoly_Money_CounterTests.framework in Frameworks */ = {isa = PBXBuildFile; fileRef = 2D5D7A336ED81F44E4D76D9B /* Pods_Monopoly_Money_CounterTests.framework */; };
		8A7B8C32E425EEA82CADFD24 /* Pods_Monopoly_Money_Counter_Monopoly_Money_CounterUITests.framework in Frameworks */ = {isa = PBXBuildFile; fileRef = F0F39045EEE2540D53880151 /* Pods_Monopoly_Money_Counter_Monopoly_Money_CounterUITests.framework */; };
		B34221AD25AA6837008B1E6E /* TransferMoneyButton.swift in Sources */ = {isa = PBXBuildFile; fileRef = B34221AC25AA6837008B1E6E /* TransferMoneyButton.swift */; };
		B36B6E1025A99A10007B0925 /* AppDelegate.swift in Sources */ = {isa = PBXBuildFile; fileRef = B36B6E0F25A99A10007B0925 /* AppDelegate.swift */; };
		B36B6E1225A99A10007B0925 /* SceneDelegate.swift in Sources */ = {isa = PBXBuildFile; fileRef = B36B6E1125A99A10007B0925 /* SceneDelegate.swift */; };
		B36B6E1425A99A10007B0925 /* MainVC.swift in Sources */ = {isa = PBXBuildFile; fileRef = B36B6E1325A99A10007B0925 /* MainVC.swift */; };
		B36B6E2725A99A12007B0925 /* Monopoly_Money_CounterTests.swift in Sources */ = {isa = PBXBuildFile; fileRef = B36B6E2625A99A12007B0925 /* Monopoly_Money_CounterTests.swift */; };
		B36B6E3225A99A12007B0925 /* Monopoly_Money_CounterUITests.swift in Sources */ = {isa = PBXBuildFile; fileRef = B36B6E3125A99A12007B0925 /* Monopoly_Money_CounterUITests.swift */; };
		B36B6E4925A99A9C007B0925 /* Model.swift in Sources */ = {isa = PBXBuildFile; fileRef = B36B6E4825A99A9C007B0925 /* Model.swift */; };
		B36B6E5425A99BE1007B0925 /* CustomGradient.swift in Sources */ = {isa = PBXBuildFile; fileRef = B36B6E5325A99BE1007B0925 /* CustomGradient.swift */; };
		B36B6E5925A99FAF007B0925 /* CustomMainLabel.swift in Sources */ = {isa = PBXBuildFile; fileRef = B36B6E5825A99FAF007B0925 /* CustomMainLabel.swift */; };
		B36B6E5E25A9A466007B0925 /* CustomSubLabel.swift in Sources */ = {isa = PBXBuildFile; fileRef = B36B6E5D25A9A466007B0925 /* CustomSubLabel.swift */; };
		B36B6E6325A9A77A007B0925 /* NamesVC.swift in Sources */ = {isa = PBXBuildFile; fileRef = B36B6E6225A9A77A007B0925 /* NamesVC.swift */; };
		B36B6E6825A9A788007B0925 /* GameVC.swift in Sources */ = {isa = PBXBuildFile; fileRef = B36B6E6725A9A788007B0925 /* GameVC.swift */; };
		B36B6E6D25A9A91F007B0925 /* CustomPlayersTxtField.swift in Sources */ = {isa = PBXBuildFile; fileRef = B36B6E6C25A9A91F007B0925 /* CustomPlayersTxtField.swift */; };
		B36B6E7225A9ADA3007B0925 /* CustomNextScreeneButton.swift in Sources */ = {isa = PBXBuildFile; fileRef = B36B6E7125A9ADA3007B0925 /* CustomNextScreeneButton.swift */; };
		B3FD959625AAFC30003CEFAA /* StatVC.swift in Sources */ = {isa = PBXBuildFile; fileRef = B3FD959525AAFC30003CEFAA /* StatVC.swift */; };
/* End PBXBuildFile section */

/* Begin PBXContainerItemProxy section */
		B36B6E2325A99A12007B0925 /* PBXContainerItemProxy */ = {
			isa = PBXContainerItemProxy;
			containerPortal = B36B6E0425A99A10007B0925 /* Project object */;
			proxyType = 1;
			remoteGlobalIDString = B36B6E0B25A99A10007B0925;
			remoteInfo = "Monopoly Money Counter";
		};
		B36B6E2E25A99A12007B0925 /* PBXContainerItemProxy */ = {
			isa = PBXContainerItemProxy;
			containerPortal = B36B6E0425A99A10007B0925 /* Project object */;
			proxyType = 1;
			remoteGlobalIDString = B36B6E0B25A99A10007B0925;
			remoteInfo = "Monopoly Money Counter";
		};
/* End PBXContainerItemProxy section */

/* Begin PBXFileReference section */
		1D66DD4FD490506DF2BD5D9E /* Pods-Monopoly Money Counter-Monopoly Money CounterUITests.debug.xcconfig */ = {isa = PBXFileReference; includeInIndex = 1; lastKnownFileType = text.xcconfig; name = "Pods-Monopoly Money Counter-Monopoly Money CounterUITests.debug.xcconfig"; path = "Target Support Files/Pods-Monopoly Money Counter-Monopoly Money CounterUITests/Pods-Monopoly Money Counter-Monopoly Money CounterUITests.debug.xcconfig"; sourceTree = "<group>"; };
		242BE19077033B757B282604 /* Pods-Monopoly Money Counter-Monopoly Money CounterUITests.release.xcconfig */ = {isa = PBXFileReference; includeInIndex = 1; lastKnownFileType = text.xcconfig; name = "Pods-Monopoly Money Counter-Monopoly Money CounterUITests.release.xcconfig"; path = "Target Support Files/Pods-Monopoly Money Counter-Monopoly Money CounterUITests/Pods-Monopoly Money Counter-Monopoly Money CounterUITests.release.xcconfig"; sourceTree = "<group>"; };
		2D5D7A336ED81F44E4D76D9B /* Pods_Monopoly_Money_CounterTests.framework */ = {isa = PBXFileReference; explicitFileType = wrapper.framework; includeInIndex = 0; path = Pods_Monopoly_Money_CounterTests.framework; sourceTree = BUILT_PRODUCTS_DIR; };
		5F21CEA97925B1481EECF174 /* Pods-Monopoly Money Counter.debug.xcconfig */ = {isa = PBXFileReference; includeInIndex = 1; lastKnownFileType = text.xcconfig; name = "Pods-Monopoly Money Counter.debug.xcconfig"; path = "Target Support Files/Pods-Monopoly Money Counter/Pods-Monopoly Money Counter.debug.xcconfig"; sourceTree = "<group>"; };
		6DE211FC827FB2AB36D5B77D /* Pods_Monopoly_Money_Counter.framework */ = {isa = PBXFileReference; explicitFileType = wrapper.framework; includeInIndex = 0; path = Pods_Monopoly_Money_Counter.framework; sourceTree = BUILT_PRODUCTS_DIR; };
		81D8B06313E923CB3CA584CB /* Pods-Monopoly Money CounterTests.release.xcconfig */ = {isa = PBXFileReference; includeInIndex = 1; lastKnownFileType = text.xcconfig; name = "Pods-Monopoly Money CounterTests.release.xcconfig"; path = "Target Support Files/Pods-Monopoly Money CounterTests/Pods-Monopoly Money CounterTests.release.xcconfig"; sourceTree = "<group>"; };
		931234B0BCADE185D5EBE406 /* Pods-Monopoly Money Counter.release.xcconfig */ = {isa = PBXFileReference; includeInIndex = 1; lastKnownFileType = text.xcconfig; name = "Pods-Monopoly Money Counter.release.xcconfig"; path = "Target Support Files/Pods-Monopoly Money Counter/Pods-Monopoly Money Counter.release.xcconfig"; sourceTree = "<group>"; };
		A8DF538E7DA09717EF110BC2 /* Pods-Monopoly Money CounterTests.debug.xcconfig */ = {isa = PBXFileReference; includeInIndex = 1; lastKnownFileType = text.xcconfig; name = "Pods-Monopoly Money CounterTests.debug.xcconfig"; path = "Target Support Files/Pods-Monopoly Money CounterTests/Pods-Monopoly Money CounterTests.debug.xcconfig"; sourceTree = "<group>"; };
		B34221AC25AA6837008B1E6E /* TransferMoneyButton.swift */ = {isa = PBXFileReference; lastKnownFileType = sourcecode.swift; path = TransferMoneyButton.swift; sourceTree = "<group>"; };
		B36B6E0C25A99A10007B0925 /* Monopoly Money Counter.app */ = {isa = PBXFileReference; explicitFileType = wrapper.application; includeInIndex = 0; path = "Monopoly Money Counter.app"; sourceTree = BUILT_PRODUCTS_DIR; };
		B36B6E0F25A99A10007B0925 /* AppDelegate.swift */ = {isa = PBXFileReference; lastKnownFileType = sourcecode.swift; path = AppDelegate.swift; sourceTree = "<group>"; };
		B36B6E1125A99A10007B0925 /* SceneDelegate.swift */ = {isa = PBXFileReference; lastKnownFileType = sourcecode.swift; path = SceneDelegate.swift; sourceTree = "<group>"; };
		B36B6E1325A99A10007B0925 /* MainVC.swift */ = {isa = PBXFileReference; lastKnownFileType = sourcecode.swift; path = MainVC.swift; sourceTree = "<group>"; };
		B36B6E1625A99A10007B0925 /* Base */ = {isa = PBXFileReference; lastKnownFileType = file.storyboard; name = Base; path = Base.lproj/Main.storyboard; sourceTree = "<group>"; };
		B36B6E1825A99A12007B0925 /* Assets.xcassets */ = {isa = PBXFileReference; lastKnownFileType = folder.assetcatalog; path = Assets.xcassets; sourceTree = "<group>"; };
		B36B6E1B25A99A12007B0925 /* Base */ = {isa = PBXFileReference; lastKnownFileType = file.storyboard; name = Base; path = Base.lproj/LaunchScreen.storyboard; sourceTree = "<group>"; };
		B36B6E1D25A99A12007B0925 /* Info.plist */ = {isa = PBXFileReference; lastKnownFileType = text.plist.xml; path = Info.plist; sourceTree = "<group>"; };
		B36B6E2225A99A12007B0925 /* Monopoly Money CounterTests.xctest */ = {isa = PBXFileReference; explicitFileType = wrapper.cfbundle; includeInIndex = 0; path = "Monopoly Money CounterTests.xctest"; sourceTree = BUILT_PRODUCTS_DIR; };
		B36B6E2625A99A12007B0925 /* Monopoly_Money_CounterTests.swift */ = {isa = PBXFileReference; lastKnownFileType = sourcecode.swift; path = Monopoly_Money_CounterTests.swift; sourceTree = "<group>"; };
		B36B6E2825A99A12007B0925 /* Info.plist */ = {isa = PBXFileReference; lastKnownFileType = text.plist.xml; path = Info.plist; sourceTree = "<group>"; };
		B36B6E2D25A99A12007B0925 /* Monopoly Money CounterUITests.xctest */ = {isa = PBXFileReference; explicitFileType = wrapper.cfbundle; includeInIndex = 0; path = "Monopoly Money CounterUITests.xctest"; sourceTree = BUILT_PRODUCTS_DIR; };
		B36B6E3125A99A12007B0925 /* Monopoly_Money_CounterUITests.swift */ = {isa = PBXFileReference; lastKnownFileType = sourcecode.swift; path = Monopoly_Money_CounterUITests.swift; sourceTree = "<group>"; };
		B36B6E3325A99A12007B0925 /* Info.plist */ = {isa = PBXFileReference; lastKnownFileType = text.plist.xml; path = Info.plist; sourceTree = "<group>"; };
		B36B6E4825A99A9C007B0925 /* Model.swift */ = {isa = PBXFileReference; lastKnownFileType = sourcecode.swift; path = Model.swift; sourceTree = "<group>"; };
		B36B6E5325A99BE1007B0925 /* CustomGradient.swift */ = {isa = PBXFileReference; lastKnownFileType = sourcecode.swift; path = CustomGradient.swift; sourceTree = "<group>"; };
		B36B6E5825A99FAF007B0925 /* CustomMainLabel.swift */ = {isa = PBXFileReference; lastKnownFileType = sourcecode.swift; path = CustomMainLabel.swift; sourceTree = "<group>"; };
		B36B6E5D25A9A466007B0925 /* CustomSubLabel.swift */ = {isa = PBXFileReference; lastKnownFileType = sourcecode.swift; path = CustomSubLabel.swift; sourceTree = "<group>"; };
		B36B6E6225A9A77A007B0925 /* NamesVC.swift */ = {isa = PBXFileReference; lastKnownFileType = sourcecode.swift; path = NamesVC.swift; sourceTree = "<group>"; };
		B36B6E6725A9A788007B0925 /* GameVC.swift */ = {isa = PBXFileReference; lastKnownFileType = sourcecode.swift; path = GameVC.swift; sourceTree = "<group>"; };
		B36B6E6C25A9A91F007B0925 /* CustomPlayersTxtField.swift */ = {isa = PBXFileReference; lastKnownFileType = sourcecode.swift; path = CustomPlayersTxtField.swift; sourceTree = "<group>"; };
		B36B6E7125A9ADA3007B0925 /* CustomNextScreeneButton.swift */ = {isa = PBXFileReference; lastKnownFileType = sourcecode.swift; path = CustomNextScreeneButton.swift; sourceTree = "<group>"; };
		B3FD959525AAFC30003CEFAA /* StatVC.swift */ = {isa = PBXFileReference; lastKnownFileType = sourcecode.swift; path = StatVC.swift; sourceTree = "<group>"; };
		F0F39045EEE2540D53880151 /* Pods_Monopoly_Money_Counter_Monopoly_Money_CounterUITests.framework */ = {isa = PBXFileReference; explicitFileType = wrapper.framework; includeInIndex = 0; path = Pods_Monopoly_Money_Counter_Monopoly_Money_CounterUITests.framework; sourceTree = BUILT_PRODUCTS_DIR; };
/* End PBXFileReference section */

/* Begin PBXFrameworksBuildPhase section */
		B36B6E0925A99A10007B0925 /* Frameworks */ = {
			isa = PBXFrameworksBuildPhase;
			buildActionMask = 2147483647;
			files = (
				3449C1BDCF0BB8CBD926360F /* Pods_Monopoly_Money_Counter.framework in Frameworks */,
			);
			runOnlyForDeploymentPostprocessing = 0;
		};
		B36B6E1F25A99A12007B0925 /* Frameworks */ = {
			isa = PBXFrameworksBuildPhase;
			buildActionMask = 2147483647;
			files = (
				89A418C18D74C47567BF9C30 /* Pods_Monopoly_Money_CounterTests.framework in Frameworks */,
			);
			runOnlyForDeploymentPostprocessing = 0;
		};
		B36B6E2A25A99A12007B0925 /* Frameworks */ = {
			isa = PBXFrameworksBuildPhase;
			buildActionMask = 2147483647;
			files = (
				8A7B8C32E425EEA82CADFD24 /* Pods_Monopoly_Money_Counter_Monopoly_Money_CounterUITests.framework in Frameworks */,
			);
			runOnlyForDeploymentPostprocessing = 0;
		};
/* End PBXFrameworksBuildPhase section */

/* Begin PBXGroup section */
		20E58057CB76B826EDBECD5B /* Pods */ = {
			isa = PBXGroup;
			children = (
				5F21CEA97925B1481EECF174 /* Pods-Monopoly Money Counter.debug.xcconfig */,
				931234B0BCADE185D5EBE406 /* Pods-Monopoly Money Counter.release.xcconfig */,
				1D66DD4FD490506DF2BD5D9E /* Pods-Monopoly Money Counter-Monopoly Money CounterUITests.debug.xcconfig */,
				242BE19077033B757B282604 /* Pods-Monopoly Money Counter-Monopoly Money CounterUITests.release.xcconfig */,
				A8DF538E7DA09717EF110BC2 /* Pods-Monopoly Money CounterTests.debug.xcconfig */,
				81D8B06313E923CB3CA584CB /* Pods-Monopoly Money CounterTests.release.xcconfig */,
			);
			path = Pods;
			sourceTree = "<group>";
		};
		B36B6E0325A99A10007B0925 = {
			isa = PBXGroup;
			children = (
				B36B6E0E25A99A10007B0925 /* Monopoly Money Counter */,
				B36B6E2525A99A12007B0925 /* Monopoly Money CounterTests */,
				B36B6E3025A99A12007B0925 /* Monopoly Money CounterUITests */,
				B36B6E0D25A99A10007B0925 /* Products */,
				20E58057CB76B826EDBECD5B /* Pods */,
				C1C9D36941003373F302E240 /* Frameworks */,
			);
			sourceTree = "<group>";
		};
		B36B6E0D25A99A10007B0925 /* Products */ = {
			isa = PBXGroup;
			children = (
				B36B6E0C25A99A10007B0925 /* Monopoly Money Counter.app */,
				B36B6E2225A99A12007B0925 /* Monopoly Money CounterTests.xctest */,
				B36B6E2D25A99A12007B0925 /* Monopoly Money CounterUITests.xctest */,
			);
			name = Products;
			sourceTree = "<group>";
		};
		B36B6E0E25A99A10007B0925 /* Monopoly Money Counter */ = {
			isa = PBXGroup;
			children = (
				B36B6E4725A99A8F007B0925 /* Model */,
				B36B6E4625A99A86007B0925 /* View */,
				B36B6E4525A99A7E007B0925 /* Controller */,
				B36B6E0F25A99A10007B0925 /* AppDelegate.swift */,
				B36B6E1125A99A10007B0925 /* SceneDelegate.swift */,
				B36B6E1525A99A10007B0925 /* Main.storyboard */,
				B36B6E1825A99A12007B0925 /* Assets.xcassets */,
				B36B6E1A25A99A12007B0925 /* LaunchScreen.storyboard */,
				B36B6E1D25A99A12007B0925 /* Info.plist */,
			);
			path = "Monopoly Money Counter";
			sourceTree = "<group>";
		};
		B36B6E2525A99A12007B0925 /* Monopoly Money CounterTests */ = {
			isa = PBXGroup;
			children = (
				B36B6E2625A99A12007B0925 /* Monopoly_Money_CounterTests.swift */,
				B36B6E2825A99A12007B0925 /* Info.plist */,
			);
			path = "Monopoly Money CounterTests";
			sourceTree = "<group>";
		};
		B36B6E3025A99A12007B0925 /* Monopoly Money CounterUITests */ = {
			isa = PBXGroup;
			children = (
				B36B6E3125A99A12007B0925 /* Monopoly_Money_CounterUITests.swift */,
				B36B6E3325A99A12007B0925 /* Info.plist */,
			);
			path = "Monopoly Money CounterUITests";
			sourceTree = "<group>";
		};
		B36B6E4525A99A7E007B0925 /* Controller */ = {
			isa = PBXGroup;
			children = (
				B36B6E1325A99A10007B0925 /* MainVC.swift */,
				B36B6E6225A9A77A007B0925 /* NamesVC.swift */,
				B36B6E6725A9A788007B0925 /* GameVC.swift */,
				B3FD959525AAFC30003CEFAA /* StatVC.swift */,
			);
			path = Controller;
			sourceTree = "<group>";
		};
		B36B6E4625A99A86007B0925 /* View */ = {
			isa = PBXGroup;
			children = (
				B36B6E5325A99BE1007B0925 /* CustomGradient.swift */,
				B34221AC25AA6837008B1E6E /* TransferMoneyButton.swift */,
				B36B6E5825A99FAF007B0925 /* CustomMainLabel.swift */,
				B36B6E5D25A9A466007B0925 /* CustomSubLabel.swift */,
				B36B6E6C25A9A91F007B0925 /* CustomPlayersTxtField.swift */,
				B36B6E7125A9ADA3007B0925 /* CustomNextScreeneButton.swift */,
			);
			path = View;
			sourceTree = "<group>";
		};
		B36B6E4725A99A8F007B0925 /* Model */ = {
			isa = PBXGroup;
			children = (
				B36B6E4825A99A9C007B0925 /* Model.swift */,
			);
			path = Model;
			sourceTree = "<group>";
		};
		C1C9D36941003373F302E240 /* Frameworks */ = {
			isa = PBXGroup;
			children = (
				6DE211FC827FB2AB36D5B77D /* Pods_Monopoly_Money_Counter.framework */,
				F0F39045EEE2540D53880151 /* Pods_Monopoly_Money_Counter_Monopoly_Money_CounterUITests.framework */,
				2D5D7A336ED81F44E4D76D9B /* Pods_Monopoly_Money_CounterTests.framework */,
			);
			name = Frameworks;
			sourceTree = "<group>";
		};
/* End PBXGroup section */

/* Begin PBXNativeTarget section */
		B36B6E0B25A99A10007B0925 /* Monopoly Money Counter */ = {
			isa = PBXNativeTarget;
			buildConfigurationList = B36B6E3625A99A12007B0925 /* Build configuration list for PBXNativeTarget "Monopoly Money Counter" */;
			buildPhases = (
				9C5A9B660E9AD2038C9D1171 /* [CP] Check Pods Manifest.lock */,
				B36B6E0825A99A10007B0925 /* Sources */,
				B36B6E0925A99A10007B0925 /* Frameworks */,
				B36B6E0A25A99A10007B0925 /* Resources */,
				DB65493101A155EFF86AF950 /* [CP] Embed Pods Frameworks */,
			);
			buildRules = (
			);
			dependencies = (
			);
			name = "Monopoly Money Counter";
			productName = "Monopoly Money Counter";
			productReference = B36B6E0C25A99A10007B0925 /* Monopoly Money Counter.app */;
			productType = "com.apple.product-type.application";
		};
		B36B6E2125A99A12007B0925 /* Monopoly Money CounterTests */ = {
			isa = PBXNativeTarget;
			buildConfigurationList = B36B6E3925A99A12007B0925 /* Build configuration list for PBXNativeTarget "Monopoly Money CounterTests" */;
			buildPhases = (
				77837A6177A561FF8213C508 /* [CP] Check Pods Manifest.lock */,
				B36B6E1E25A99A12007B0925 /* Sources */,
				B36B6E1F25A99A12007B0925 /* Frameworks */,
				B36B6E2025A99A12007B0925 /* Resources */,
			);
			buildRules = (
			);
			dependencies = (
				B36B6E2425A99A12007B0925 /* PBXTargetDependency */,
			);
			name = "Monopoly Money CounterTests";
			productName = "Monopoly Money CounterTests";
			productReference = B36B6E2225A99A12007B0925 /* Monopoly Money CounterTests.xctest */;
			productType = "com.apple.product-type.bundle.unit-test";
		};
		B36B6E2C25A99A12007B0925 /* Monopoly Money CounterUITests */ = {
			isa = PBXNativeTarget;
			buildConfigurationList = B36B6E3C25A99A12007B0925 /* Build configuration list for PBXNativeTarget "Monopoly Money CounterUITests" */;
			buildPhases = (
				AE7F009345BF5BCA4EDA4054 /* [CP] Check Pods Manifest.lock */,
				B36B6E2925A99A12007B0925 /* Sources */,
				B36B6E2A25A99A12007B0925 /* Frameworks */,
				B36B6E2B25A99A12007B0925 /* Resources */,
				23437EA5B0E316CC28ABCA4A /* [CP] Embed Pods Frameworks */,
			);
			buildRules = (
			);
			dependencies = (
				B36B6E2F25A99A12007B0925 /* PBXTargetDependency */,
			);
			name = "Monopoly Money CounterUITests";
			productName = "Monopoly Money CounterUITests";
			productReference = B36B6E2D25A99A12007B0925 /* Monopoly Money CounterUITests.xctest */;
			productType = "com.apple.product-type.bundle.ui-testing";
		};
/* End PBXNativeTarget section */

/* Begin PBXProject section */
		B36B6E0425A99A10007B0925 /* Project object */ = {
			isa = PBXProject;
			attributes = {
				LastSwiftUpdateCheck = 1220;
				LastUpgradeCheck = 1220;
				TargetAttributes = {
					B36B6E0B25A99A10007B0925 = {
						CreatedOnToolsVersion = 12.2;
					};
					B36B6E2125A99A12007B0925 = {
						CreatedOnToolsVersion = 12.2;
						TestTargetID = B36B6E0B25A99A10007B0925;
					};
					B36B6E2C25A99A12007B0925 = {
						CreatedOnToolsVersion = 12.2;
						TestTargetID = B36B6E0B25A99A10007B0925;
					};
				};
			};
			buildConfigurationList = B36B6E0725A99A10007B0925 /* Build configuration list for PBXProject "Monopoly Money Counter" */;
			compatibilityVersion = "Xcode 9.3";
			developmentRegion = en;
			hasScannedForEncodings = 0;
			knownRegions = (
				en,
				Base,
			);
			mainGroup = B36B6E0325A99A10007B0925;
			productRefGroup = B36B6E0D25A99A10007B0925 /* Products */;
			projectDirPath = "";
			projectRoot = "";
			targets = (
				B36B6E0B25A99A10007B0925 /* Monopoly Money Counter */,
				B36B6E2125A99A12007B0925 /* Monopoly Money CounterTests */,
				B36B6E2C25A99A12007B0925 /* Monopoly Money CounterUITests */,
			);
		};
/* End PBXProject section */

/* Begin PBXResourcesBuildPhase section */
		B36B6E0A25A99A10007B0925 /* Resources */ = {
			isa = PBXResourcesBuildPhase;
			buildActionMask = 2147483647;
			files = (
			);
			runOnlyForDeploymentPostprocessing = 0;
		};
		B36B6E2025A99A12007B0925 /* Resources */ = {
			isa = PBXResourcesBuildPhase;
			buildActionMask = 2147483647;
			files = (
			);
			runOnlyForDeploymentPostprocessing = 0;
		};
		B36B6E2B25A99A12007B0925 /* Resources */ = {
			isa = PBXResourcesBuildPhase;
			buildActionMask = 2147483647;
			files = (
			);
			runOnlyForDeploymentPostprocessing = 0;
		};
/* End PBXResourcesBuildPhase section */

/* Begin PBXShellScriptBuildPhase section */
		23437EA5B0E316CC28ABCA4A /* [CP] Embed Pods Frameworks */ = {
			isa = PBXShellScriptBuildPhase;
			buildActionMask = 2147483647;
			files = (
			);
			inputFileListPaths = (
				"${PODS_ROOT}/Target Support Files/Pods-Monopoly Money Counter-Monopoly Money CounterUITests/Pods-Monopoly Money Counter-Monopoly Money CounterUITests-frameworks-${CONFIGURATION}-input-files.xcfilelist",
			);
			name = "[CP] Embed Pods Frameworks";
			outputFileListPaths = (
				"${PODS_ROOT}/Target Support Files/Pods-Monopoly Money Counter-Monopoly Money CounterUITests/Pods-Monopoly Money Counter-Monopoly Money CounterUITests-frameworks-${CONFIGURATION}-output-files.xcfilelist",
			);
			runOnlyForDeploymentPostprocessing = 0;
			shellPath = /bin/sh;
			shellScript = "\"${PODS_ROOT}/Target Support Files/Pods-Monopoly Money Counter-Monopoly Money CounterUITests/Pods-Monopoly Money Counter-Monopoly Money CounterUITests-frameworks.sh\"\n";
			showEnvVarsInLog = 0;
		};
		77837A6177A561FF8213C508 /* [CP] Check Pods Manifest.lock */ = {
			isa = PBXShellScriptBuildPhase;
			buildActionMask = 2147483647;
			files = (
			);
			inputFileListPaths = (
			);
			inputPaths = (
				"${PODS_PODFILE_DIR_PATH}/Podfile.lock",
				"${PODS_ROOT}/Manifest.lock",
			);
			name = "[CP] Check Pods Manifest.lock";
			outputFileListPaths = (
			);
			outputPaths = (
				"$(DERIVED_FILE_DIR)/Pods-Monopoly Money CounterTests-checkManifestLockResult.txt",
			);
			runOnlyForDeploymentPostprocessing = 0;
			shellPath = /bin/sh;
			shellScript = "diff \"${PODS_PODFILE_DIR_PATH}/Podfile.lock\" \"${PODS_ROOT}/Manifest.lock\" > /dev/null\nif [ $? != 0 ] ; then\n    # print error to STDERR\n    echo \"error: The sandbox is not in sync with the Podfile.lock. Run 'pod install' or update your CocoaPods installation.\" >&2\n    exit 1\nfi\n# This output is used by Xcode 'outputs' to avoid re-running this script phase.\necho \"SUCCESS\" > \"${SCRIPT_OUTPUT_FILE_0}\"\n";
			showEnvVarsInLog = 0;
		};
		9C5A9B660E9AD2038C9D1171 /* [CP] Check Pods Manifest.lock */ = {
			isa = PBXShellScriptBuildPhase;
			buildActionMask = 2147483647;
			files = (
			);
			inputFileListPaths = (
			);
			inputPaths = (
				"${PODS_PODFILE_DIR_PATH}/Podfile.lock",
				"${PODS_ROOT}/Manifest.lock",
			);
			name = "[CP] Check Pods Manifest.lock";
			outputFileListPaths = (
			);
			outputPaths = (
				"$(DERIVED_FILE_DIR)/Pods-Monopoly Money Counter-checkManifestLockResult.txt",
			);
			runOnlyForDeploymentPostprocessing = 0;
			shellPath = /bin/sh;
			shellScript = "diff \"${PODS_PODFILE_DIR_PATH}/Podfile.lock\" \"${PODS_ROOT}/Manifest.lock\" > /dev/null\nif [ $? != 0 ] ; then\n    # print error to STDERR\n    echo \"error: The sandbox is not in sync with the Podfile.lock. Run 'pod install' or update your CocoaPods installation.\" >&2\n    exit 1\nfi\n# This output is used by Xcode 'outputs' to avoid re-running this script phase.\necho \"SUCCESS\" > \"${SCRIPT_OUTPUT_FILE_0}\"\n";
			showEnvVarsInLog = 0;
		};
		AE7F009345BF5BCA4EDA4054 /* [CP] Check Pods Manifest.lock */ = {
			isa = PBXShellScriptBuildPhase;
			buildActionMask = 2147483647;
			files = (
			);
			inputFileListPaths = (
			);
			inputPaths = (
				"${PODS_PODFILE_DIR_PATH}/Podfile.lock",
				"${PODS_ROOT}/Manifest.lock",
			);
			name = "[CP] Check Pods Manifest.lock";
			outputFileListPaths = (
			);
			outputPaths = (
				"$(DERIVED_FILE_DIR)/Pods-Monopoly Money Counter-Monopoly Money CounterUITests-checkManifestLockResult.txt",
			);
			runOnlyForDeploymentPostprocessing = 0;
			shellPath = /bin/sh;
			shellScript = "diff \"${PODS_PODFILE_DIR_PATH}/Podfile.lock\" \"${PODS_ROOT}/Manifest.lock\" > /dev/null\nif [ $? != 0 ] ; then\n    # print error to STDERR\n    echo \"error: The sandbox is not in sync with the Podfile.lock. Run 'pod install' or update your CocoaPods installation.\" >&2\n    exit 1\nfi\n# This output is used by Xcode 'outputs' to avoid re-running this script phase.\necho \"SUCCESS\" > \"${SCRIPT_OUTPUT_FILE_0}\"\n";
			showEnvVarsInLog = 0;
		};
		DB65493101A155EFF86AF950 /* [CP] Embed Pods Frameworks */ = {
			isa = PBXShellScriptBuildPhase;
			buildActionMask = 2147483647;
			files = (
			);
			inputFileListPaths = (
				"${PODS_ROOT}/Target Support Files/Pods-Monopoly Money Counter/Pods-Monopoly Money Counter-frameworks-${CONFIGURATION}-input-files.xcfilelist",
			);
			name = "[CP] Embed Pods Frameworks";
			outputFileListPaths = (
				"${PODS_ROOT}/Target Support Files/Pods-Monopoly Money Counter/Pods-Monopoly Money Counter-frameworks-${CONFIGURATION}-output-files.xcfilelist",
			);
			runOnlyForDeploymentPostprocessing = 0;
			shellPath = /bin/sh;
			shellScript = "\"${PODS_ROOT}/Target Support Files/Pods-Monopoly Money Counter/Pods-Monopoly Money Counter-frameworks.sh\"\n";
			showEnvVarsInLog = 0;
		};
/* End PBXShellScriptBuildPhase section */

/* Begin PBXSourcesBuildPhase section */
		B36B6E0825A99A10007B0925 /* Sources */ = {
			isa = PBXSourcesBuildPhase;
			buildActionMask = 2147483647;
			files = (
				B36B6E5925A99FAF007B0925 /* CustomMainLabel.swift in Sources */,
				B36B6E5425A99BE1007B0925 /* CustomGradient.swift in Sources */,
				B36B6E1425A99A10007B0925 /* MainVC.swift in Sources */,
				B36B6E5E25A9A466007B0925 /* CustomSubLabel.swift in Sources */,
				B34221AD25AA6837008B1E6E /* TransferMoneyButton.swift in Sources */,
				B36B6E7225A9ADA3007B0925 /* CustomNextScreeneButton.swift in Sources */,
				B3FD959625AAFC30003CEFAA /* StatVC.swift in Sources */,
				B36B6E1025A99A10007B0925 /* AppDelegate.swift in Sources */,
				B36B6E6325A9A77A007B0925 /* NamesVC.swift in Sources */,
				B36B6E1225A99A10007B0925 /* SceneDelegate.swift in Sources */,
				B36B6E6D25A9A91F007B0925 /* CustomPlayersTxtField.swift in Sources */,
				B36B6E6825A9A788007B0925 /* GameVC.swift in Sources */,
				B36B6E4925A99A9C007B0925 /* Model.swift in Sources */,
			);
			runOnlyForDeploymentPostprocessing = 0;
		};
		B36B6E1E25A99A12007B0925 /* Sources */ = {
			isa = PBXSourcesBuildPhase;
			buildActionMask = 2147483647;
			files = (
				B36B6E2725A99A12007B0925 /* Monopoly_Money_CounterTests.swift in Sources */,
			);
			runOnlyForDeploymentPostprocessing = 0;
		};
		B36B6E2925A99A12007B0925 /* Sources */ = {
			isa = PBXSourcesBuildPhase;
			buildActionMask = 2147483647;
			files = (
				B36B6E3225A99A12007B0925 /* Monopoly_Money_CounterUITests.swift in Sources */,
			);
			runOnlyForDeploymentPostprocessing = 0;
		};
/* End PBXSourcesBuildPhase section */

/* Begin PBXTargetDependency section */
		B36B6E2425A99A12007B0925 /* PBXTargetDependency */ = {
			isa = PBXTargetDependency;
			target = B36B6E0B25A99A10007B0925 /* Monopoly Money Counter */;
			targetProxy = B36B6E2325A99A12007B0925 /* PBXContainerItemProxy */;
		};
		B36B6E2F25A99A12007B0925 /* PBXTargetDependency */ = {
			isa = PBXTargetDependency;
			target = B36B6E0B25A99A10007B0925 /* Monopoly Money Counter */;
			targetProxy = B36B6E2E25A99A12007B0925 /* PBXContainerItemProxy */;
		};
/* End PBXTargetDependency section */

/* Begin PBXVariantGroup section */
		B36B6E1525A99A10007B0925 /* Main.storyboard */ = {
			isa = PBXVariantGroup;
			children = (
				B36B6E1625A99A10007B0925 /* Base */,
			);
			name = Main.storyboard;
			sourceTree = "<group>";
		};
		B36B6E1A25A99A12007B0925 /* LaunchScreen.storyboard */ = {
			isa = PBXVariantGroup;
			children = (
				B36B6E1B25A99A12007B0925 /* Base */,
			);
			name = LaunchScreen.storyboard;
			sourceTree = "<group>";
		};
/* End PBXVariantGroup section */

/* Begin XCBuildConfiguration section */
		B36B6E3425A99A12007B0925 /* Debug */ = {
			isa = XCBuildConfiguration;
			buildSettings = {
				ALWAYS_SEARCH_USER_PATHS = NO;
				CLANG_ANALYZER_NONNULL = YES;
				CLANG_ANALYZER_NUMBER_OBJECT_CONVERSION = YES_AGGRESSIVE;
				CLANG_CXX_LANGUAGE_STANDARD = "gnu++14";
				CLANG_CXX_LIBRARY = "libc++";
				CLANG_ENABLE_MODULES = YES;
				CLANG_ENABLE_OBJC_ARC = YES;
				CLANG_ENABLE_OBJC_WEAK = YES;
				CLANG_WARN_BLOCK_CAPTURE_AUTORELEASING = YES;
				CLANG_WARN_BOOL_CONVERSION = YES;
				CLANG_WARN_COMMA = YES;
				CLANG_WARN_CONSTANT_CONVERSION = YES;
				CLANG_WARN_DEPRECATED_OBJC_IMPLEMENTATIONS = YES;
				CLANG_WARN_DIRECT_OBJC_ISA_USAGE = YES_ERROR;
				CLANG_WARN_DOCUMENTATION_COMMENTS = YES;
				CLANG_WARN_EMPTY_BODY = YES;
				CLANG_WARN_ENUM_CONVERSION = YES;
				CLANG_WARN_INFINITE_RECURSION = YES;
				CLANG_WARN_INT_CONVERSION = YES;
				CLANG_WARN_NON_LITERAL_NULL_CONVERSION = YES;
				CLANG_WARN_OBJC_IMPLICIT_RETAIN_SELF = YES;
				CLANG_WARN_OBJC_LITERAL_CONVERSION = YES;
				CLANG_WARN_OBJC_ROOT_CLASS = YES_ERROR;
				CLANG_WARN_QUOTED_INCLUDE_IN_FRAMEWORK_HEADER = YES;
				CLANG_WARN_RANGE_LOOP_ANALYSIS = YES;
				CLANG_WARN_STRICT_PROTOTYPES = YES;
				CLANG_WARN_SUSPICIOUS_MOVE = YES;
				CLANG_WARN_UNGUARDED_AVAILABILITY = YES_AGGRESSIVE;
				CLANG_WARN_UNREACHABLE_CODE = YES;
				CLANG_WARN__DUPLICATE_METHOD_MATCH = YES;
				COPY_PHASE_STRIP = NO;
				DEBUG_INFORMATION_FORMAT = dwarf;
				ENABLE_STRICT_OBJC_MSGSEND = YES;
				ENABLE_TESTABILITY = YES;
				GCC_C_LANGUAGE_STANDARD = gnu11;
				GCC_DYNAMIC_NO_PIC = NO;
				GCC_NO_COMMON_BLOCKS = YES;
				GCC_OPTIMIZATION_LEVEL = 0;
				GCC_PREPROCESSOR_DEFINITIONS = (
					"DEBUG=1",
					"$(inherited)",
				);
				GCC_WARN_64_TO_32_BIT_CONVERSION = YES;
				GCC_WARN_ABOUT_RETURN_TYPE = YES_ERROR;
				GCC_WARN_UNDECLARED_SELECTOR = YES;
				GCC_WARN_UNINITIALIZED_AUTOS = YES_AGGRESSIVE;
				GCC_WARN_UNUSED_FUNCTION = YES;
				GCC_WARN_UNUSED_VARIABLE = YES;
				IPHONEOS_DEPLOYMENT_TARGET = 14.1;
				MTL_ENABLE_DEBUG_INFO = INCLUDE_SOURCE;
				MTL_FAST_MATH = YES;
				ONLY_ACTIVE_ARCH = YES;
				SDKROOT = iphoneos;
				SWIFT_ACTIVE_COMPILATION_CONDITIONS = DEBUG;
				SWIFT_OPTIMIZATION_LEVEL = "-Onone";
			};
			name = Debug;
		};
		B36B6E3525A99A12007B0925 /* Release */ = {
			isa = XCBuildConfiguration;
			buildSettings = {
				ALWAYS_SEARCH_USER_PATHS = NO;
				CLANG_ANALYZER_NONNULL = YES;
				CLANG_ANALYZER_NUMBER_OBJECT_CONVERSION = YES_AGGRESSIVE;
				CLANG_CXX_LANGUAGE_STANDARD = "gnu++14";
				CLANG_CXX_LIBRARY = "libc++";
				CLANG_ENABLE_MODULES = YES;
				CLANG_ENABLE_OBJC_ARC = YES;
				CLANG_ENABLE_OBJC_WEAK = YES;
				CLANG_WARN_BLOCK_CAPTURE_AUTORELEASING = YES;
				CLANG_WARN_BOOL_CONVERSION = YES;
				CLANG_WARN_COMMA = YES;
				CLANG_WARN_CONSTANT_CONVERSION = YES;
				CLANG_WARN_DEPRECATED_OBJC_IMPLEMENTATIONS = YES;
				CLANG_WARN_DIRECT_OBJC_ISA_USAGE = YES_ERROR;
				CLANG_WARN_DOCUMENTATION_COMMENTS = YES;
				CLANG_WARN_EMPTY_BODY = YES;
				CLANG_WARN_ENUM_CONVERSION = YES;
				CLANG_WARN_INFINITE_RECURSION = YES;
				CLANG_WARN_INT_CONVERSION = YES;
				CLANG_WARN_NON_LITERAL_NULL_CONVERSION = YES;
				CLANG_WARN_OBJC_IMPLICIT_RETAIN_SELF = YES;
				CLANG_WARN_OBJC_LITERAL_CONVERSION = YES;
				CLANG_WARN_OBJC_ROOT_CLASS = YES_ERROR;
				CLANG_WARN_QUOTED_INCLUDE_IN_FRAMEWORK_HEADER = YES;
				CLANG_WARN_RANGE_LOOP_ANALYSIS = YES;
				CLANG_WARN_STRICT_PROTOTYPES = YES;
				CLANG_WARN_SUSPICIOUS_MOVE = YES;
				CLANG_WARN_UNGUARDED_AVAILABILITY = YES_AGGRESSIVE;
				CLANG_WARN_UNREACHABLE_CODE = YES;
				CLANG_WARN__DUPLICATE_METHOD_MATCH = YES;
				COPY_PHASE_STRIP = NO;
				DEBUG_INFORMATION_FORMAT = "dwarf-with-dsym";
				ENABLE_NS_ASSERTIONS = NO;
				ENABLE_STRICT_OBJC_MSGSEND = YES;
				GCC_C_LANGUAGE_STANDARD = gnu11;
				GCC_NO_COMMON_BLOCKS = YES;
				GCC_WARN_64_TO_32_BIT_CONVERSION = YES;
				GCC_WARN_ABOUT_RETURN_TYPE = YES_ERROR;
				GCC_WARN_UNDECLARED_SELECTOR = YES;
				GCC_WARN_UNINITIALIZED_AUTOS = YES_AGGRESSIVE;
				GCC_WARN_UNUSED_FUNCTION = YES;
				GCC_WARN_UNUSED_VARIABLE = YES;
				IPHONEOS_DEPLOYMENT_TARGET = 14.1;
				MTL_ENABLE_DEBUG_INFO = NO;
				MTL_FAST_MATH = YES;
				SDKROOT = iphoneos;
				SWIFT_COMPILATION_MODE = wholemodule;
				SWIFT_OPTIMIZATION_LEVEL = "-O";
				VALIDATE_PRODUCT = YES;
			};
			name = Release;
		};
		B36B6E3725A99A12007B0925 /* Debug */ = {
			isa = XCBuildConfiguration;
			baseConfigurationReference = 5F21CEA97925B1481EECF174 /* Pods-Monopoly Money Counter.debug.xcconfig */;
			buildSettings = {
				ASSETCATALOG_COMPILER_APPICON_NAME = AppIcon;
				ASSETCATALOG_COMPILER_GLOBAL_ACCENT_COLOR_NAME = AccentColor;
				CODE_SIGN_STYLE = Automatic;
				CURRENT_PROJECT_VERSION = 2;
				DEVELOPMENT_TEAM = K2XWCR3756;
				INFOPLIST_FILE = "Monopoly Money Counter/Info.plist";
				IPHONEOS_DEPLOYMENT_TARGET = 14.1;
				LD_RUNPATH_SEARCH_PATHS = (
					"$(inherited)",
					"@executable_path/Frameworks",
				);
				MARKETING_VERSION = 1.1;
				PRODUCT_BUNDLE_IDENTIFIER = "SNStudio.Monopoly-Money-Counter";
				PRODUCT_NAME = "$(TARGET_NAME)";
				SWIFT_VERSION = 5.0;
				TARGETED_DEVICE_FAMILY = 1;
			};
			name = Debug;
		};
		B36B6E3825A99A12007B0925 /* Release */ = {
			isa = XCBuildConfiguration;
			baseConfigurationReference = 931234B0BCADE185D5EBE406 /* Pods-Monopoly Money Counter.release.xcconfig */;
			buildSettings = {
				ASSETCATALOG_COMPILER_APPICON_NAME = AppIcon;
				ASSETCATALOG_COMPILER_GLOBAL_ACCENT_COLOR_NAME = AccentColor;
				CODE_SIGN_STYLE = Automatic;
				CURRENT_PROJECT_VERSION = 2;
				DEVELOPMENT_TEAM = K2XWCR3756;
				INFOPLIST_FILE = "Monopoly Money Counter/Info.plist";
				IPHONEOS_DEPLOYMENT_TARGET = 14.1;
				LD_RUNPATH_SEARCH_PATHS = (
					"$(inherited)",
					"@executable_path/Frameworks",
				);
				MARKETING_VERSION = 1.1;
				PRODUCT_BUNDLE_IDENTIFIER = "SNStudio.Monopoly-Money-Counter";
				PRODUCT_NAME = "$(TARGET_NAME)";
				SWIFT_VERSION = 5.0;
				TARGETED_DEVICE_FAMILY = 1;
			};
			name = Release;
		};
		B36B6E3A25A99A12007B0925 /* Debug */ = {
			isa = XCBuildConfiguration;
			baseConfigurationReference = A8DF538E7DA09717EF110BC2 /* Pods-Monopoly Money CounterTests.debug.xcconfig */;
			buildSettings = {
				ALWAYS_EMBED_SWIFT_STANDARD_LIBRARIES = YES;
				BUNDLE_LOADER = "$(TEST_HOST)";
				CODE_SIGN_STYLE = Automatic;
				DEVELOPMENT_TEAM = K2XWCR3756;
				INFOPLIST_FILE = "Monopoly Money CounterTests/Info.plist";
				IPHONEOS_DEPLOYMENT_TARGET = 14.2;
				LD_RUNPATH_SEARCH_PATHS = (
					"$(inherited)",
					"@executable_path/Frameworks",
					"@loader_path/Frameworks",
				);
				PRODUCT_BUNDLE_IDENTIFIER = "SNStudio.Monopoly-Money-CounterTests";
				PRODUCT_NAME = "$(TARGET_NAME)";
				SWIFT_VERSION = 5.0;
				TARGETED_DEVICE_FAMILY = "1,2";
				TEST_HOST = "$(BUILT_PRODUCTS_DIR)/Monopoly Money Counter.app/Monopoly Money Counter";
			};
			name = Debug;
		};
		B36B6E3B25A99A12007B0925 /* Release */ = {
			isa = XCBuildConfiguration;
			baseConfigurationReference = 81D8B06313E923CB3CA584CB /* Pods-Monopoly Money CounterTests.release.xcconfig */;
			buildSettings = {
				ALWAYS_EMBED_SWIFT_STANDARD_LIBRARIES = YES;
				BUNDLE_LOADER = "$(TEST_HOST)";
				CODE_SIGN_STYLE = Automatic;
				DEVELOPMENT_TEAM = K2XWCR3756;
				INFOPLIST_FILE = "Monopoly Money CounterTests/Info.plist";
				IPHONEOS_DEPLOYMENT_TARGET = 14.2;
				LD_RUNPATH_SEARCH_PATHS = (
					"$(inherited)",
					"@executable_path/Frameworks",
					"@loader_path/Frameworks",
				);
				PRODUCT_BUNDLE_IDENTIFIER = "SNStudio.Monopoly-Money-CounterTests";
				PRODUCT_NAME = "$(TARGET_NAME)";
				SWIFT_VERSION = 5.0;
				TARGETED_DEVICE_FAMILY = "1,2";
				TEST_HOST = "$(BUILT_PRODUCTS_DIR)/Monopoly Money Counter.app/Monopoly Money Counter";
			};
			name = Release;
		};
		B36B6E3D25A99A12007B0925 /* Debug */ = {
			isa = XCBuildConfiguration;
			baseConfigurationReference = 1D66DD4FD490506DF2BD5D9E /* Pods-Monopoly Money Counter-Monopoly Money CounterUITests.debug.xcconfig */;
			buildSettings = {
				ALWAYS_EMBED_SWIFT_STANDARD_LIBRARIES = YES;
				CODE_SIGN_STYLE = Automatic;
				DEVELOPMENT_TEAM = K2XWCR3756;
				INFOPLIST_FILE = "Monopoly Money CounterUITests/Info.plist";
				LD_RUNPATH_SEARCH_PATHS = (
					"$(inherited)",
					"@executable_path/Frameworks",
					"@loader_path/Frameworks",
				);
				PRODUCT_BUNDLE_IDENTIFIER = "SNStudio.Monopoly-Money-CounterUITests";
				PRODUCT_NAME = "$(TARGET_NAME)";
				SWIFT_VERSION = 5.0;
				TARGETED_DEVICE_FAMILY = "1,2";
				TEST_TARGET_NAME = "Monopoly Money Counter";
			};
			name = Debug;
		};
		B36B6E3E25A99A12007B0925 /* Release */ = {
			isa = XCBuildConfiguration;
			baseConfigurationReference = 242BE19077033B757B282604 /* Pods-Monopoly Money Counter-Monopoly Money CounterUITests.release.xcconfig */;
			buildSettings = {
				ALWAYS_EMBED_SWIFT_STANDARD_LIBRARIES = YES;
				CODE_SIGN_STYLE = Automatic;
				DEVELOPMENT_TEAM = K2XWCR3756;
				INFOPLIST_FILE = "Monopoly Money CounterUITests/Info.plist";
				LD_RUNPATH_SEARCH_PATHS = (
					"$(inherited)",
					"@executable_path/Frameworks",
					"@loader_path/Frameworks",
				);
				PRODUCT_BUNDLE_IDENTIFIER = "SNStudio.Monopoly-Money-CounterUITests";
				PRODUCT_NAME = "$(TARGET_NAME)";
				SWIFT_VERSION = 5.0;
				TARGETED_DEVICE_FAMILY = "1,2";
				TEST_TARGET_NAME = "Monopoly Money Counter";
			};
			name = Release;
		};
/* End XCBuildConfiguration section */

/* Begin XCConfigurationList section */
		B36B6E0725A99A10007B0925 /* Build configuration list for PBXProject "Monopoly Money Counter" */ = {
			isa = XCConfigurationList;
			buildConfigurations = (
				B36B6E3425A99A12007B0925 /* Debug */,
				B36B6E3525A99A12007B0925 /* Release */,
			);
			defaultConfigurationIsVisible = 0;
			defaultConfigurationName = Release;
		};
		B36B6E3625A99A12007B0925 /* Build configuration list for PBXNativeTarget "Monopoly Money Counter" */ = {
			isa = XCConfigurationList;
			buildConfigurations = (
				B36B6E3725A99A12007B0925 /* Debug */,
				B36B6E3825A99A12007B0925 /* Release */,
			);
			defaultConfigurationIsVisible = 0;
			defaultConfigurationName = Release;
		};
		B36B6E3925A99A12007B0925 /* Build configuration list for PBXNativeTarget "Monopoly Money CounterTests" */ = {
			isa = XCConfigurationList;
			buildConfigurations = (
				B36B6E3A25A99A12007B0925 /* Debug */,
				B36B6E3B25A99A12007B0925 /* Release */,
			);
			defaultConfigurationIsVisible = 0;
			defaultConfigurationName = Release;
		};
		B36B6E3C25A99A12007B0925 /* Build configuration list for PBXNativeTarget "Monopoly Money CounterUITests" */ = {
			isa = XCConfigurationList;
			buildConfigurations = (
				B36B6E3D25A99A12007B0925 /* Debug */,
				B36B6E3E25A99A12007B0925 /* Release */,
			);
			defaultConfigurationIsVisible = 0;
			defaultConfigurationName = Release;
		};
/* End XCConfigurationList section */
	};
	rootObject = B36B6E0425A99A10007B0925 /* Project object */;
}
