// !$*UTF8*$!
{
	archiveVersion = 1;
	classes = {
	};
	objectVersion = 55;
	objects = {

/* Begin PBXBuildFile section */
		9D55B3EBE118AA361736878C /* Pods_Google_Ads_Test_App.framework in Frameworks */ = {isa = PBXBuildFile; fileRef = DAC6DD20D2332444501FB8AE /* Pods_Google_Ads_Test_App.framework */; };
		D52973F72766256500384C74 /* AppDelegate.swift in Sources */ = {isa = PBXBuildFile; fileRef = D52973F62766256500384C74 /* AppDelegate.swift */; };
		D52973F92766256500384C74 /* SceneDelegate.swift in Sources */ = {isa = PBXBuildFile; fileRef = D52973F82766256500384C74 /* SceneDelegate.swift */; };
		D52973FB2766256500384C74 /* ViewController.swift in Sources */ = {isa = PBXBuildFile; fileRef = D52973FA2766256500384C74 /* ViewController.swift */; };
		D52973FE2766256500384C74 /* Main.storyboard in Resources */ = {isa = PBXBuildFile; fileRef = D52973FC2766256500384C74 /* Main.storyboard */; };
		D52974002766256600384C74 /* Assets.xcassets in Resources */ = {isa = PBXBuildFile; fileRef = D52973FF2766256600384C74 /* Assets.xcassets */; };
		D52974032766256600384C74 /* LaunchScreen.storyboard in Resources */ = {isa = PBXBuildFile; fileRef = D52974012766256600384C74 /* LaunchScreen.storyboard */; };
		D5FEF51E2768BF6600E7BDEF /* ATT alert source code.swift in Sources */ = {isa = PBXBuildFile; fileRef = D5FEF51D2768BF6600E7BDEF /* ATT alert source code.swift */; };
		D5FEF5222768E58100E7BDEF /* AppTrackingTransparency.framework in Frameworks */ = {isa = PBXBuildFile; fileRef = D5FEF5212768E58100E7BDEF /* AppTrackingTransparency.framework */; };
		D5FEF5242768E5DD00E7BDEF /* AdSupport.framework in Frameworks */ = {isa = PBXBuildFile; fileRef = D5FEF5232768E5DD00E7BDEF /* AdSupport.framework */; };
/* End PBXBuildFile section */

/* Begin PBXFileReference section */
		67FD5F9FB3EA9B1A2F49A4DC /* Pods-Google_Ads_Test_App.debug.xcconfig */ = {isa = PBXFileReference; includeInIndex = 1; lastKnownFileType = text.xcconfig; name = "Pods-Google_Ads_Test_App.debug.xcconfig"; path = "Target Support Files/Pods-Google_Ads_Test_App/Pods-Google_Ads_Test_App.debug.xcconfig"; sourceTree = "<group>"; };
		D52973F32766256500384C74 /* Google_Ads_Test_App.app */ = {isa = PBXFileReference; explicitFileType = wrapper.application; includeInIndex = 0; path = Google_Ads_Test_App.app; sourceTree = BUILT_PRODUCTS_DIR; };
		D52973F62766256500384C74 /* AppDelegate.swift */ = {isa = PBXFileReference; lastKnownFileType = sourcecode.swift; path = AppDelegate.swift; sourceTree = "<group>"; };
		D52973F82766256500384C74 /* SceneDelegate.swift */ = {isa = PBXFileReference; lastKnownFileType = sourcecode.swift; path = SceneDelegate.swift; sourceTree = "<group>"; };
		D52973FA2766256500384C74 /* ViewController.swift */ = {isa = PBXFileReference; lastKnownFileType = sourcecode.swift; path = ViewController.swift; sourceTree = "<group>"; };
		D52973FD2766256500384C74 /* Base */ = {isa = PBXFileReference; lastKnownFileType = file.storyboard; name = Base; path = Base.lproj/Main.storyboard; sourceTree = "<group>"; };
		D52973FF2766256600384C74 /* Assets.xcassets */ = {isa = PBXFileReference; lastKnownFileType = folder.assetcatalog; path = Assets.xcassets; sourceTree = "<group>"; };
		D52974022766256600384C74 /* Base */ = {isa = PBXFileReference; lastKnownFileType = file.storyboard; name = Base; path = Base.lproj/LaunchScreen.storyboard; sourceTree = "<group>"; };
		D52974042766256600384C74 /* Info.plist */ = {isa = PBXFileReference; lastKnownFileType = text.plist.xml; path = Info.plist; sourceTree = "<group>"; };
		D5FEF51D2768BF6600E7BDEF /* ATT alert source code.swift */ = {isa = PBXFileReference; lastKnownFileType = sourcecode.swift; path = "ATT alert source code.swift"; sourceTree = "<group>"; };
		D5FEF5212768E58100E7BDEF /* AppTrackingTransparency.framework */ = {isa = PBXFileReference; lastKnownFileType = wrapper.framework; name = AppTrackingTransparency.framework; path = System/Library/Frameworks/AppTrackingTransparency.framework; sourceTree = SDKROOT; };
		D5FEF5232768E5DD00E7BDEF /* AdSupport.framework */ = {isa = PBXFileReference; lastKnownFileType = wrapper.framework; name = AdSupport.framework; path = System/Library/Frameworks/AdSupport.framework; sourceTree = SDKROOT; };
		DAC6DD20D2332444501FB8AE /* Pods_Google_Ads_Test_App.framework */ = {isa = PBXFileReference; explicitFileType = wrapper.framework; includeInIndex = 0; path = Pods_Google_Ads_Test_App.framework; sourceTree = BUILT_PRODUCTS_DIR; };
		EFFFF53DE99FA055ECA8FA60 /* Pods-Google_Ads_Test_App.release.xcconfig */ = {isa = PBXFileReference; includeInIndex = 1; lastKnownFileType = text.xcconfig; name = "Pods-Google_Ads_Test_App.release.xcconfig"; path = "Target Support Files/Pods-Google_Ads_Test_App/Pods-Google_Ads_Test_App.release.xcconfig"; sourceTree = "<group>"; };
/* End PBXFileReference section */

/* Begin PBXFrameworksBuildPhase section */
		D52973F02766256500384C74 /* Frameworks */ = {
			isa = PBXFrameworksBuildPhase;
			buildActionMask = 2147483647;
			files = (
				D5FEF5242768E5DD00E7BDEF /* AdSupport.framework in Frameworks */,
				D5FEF5222768E58100E7BDEF /* AppTrackingTransparency.framework in Frameworks */,
				9D55B3EBE118AA361736878C /* Pods_Google_Ads_Test_App.framework in Frameworks */,
			);
			runOnlyForDeploymentPostprocessing = 0;
		};
/* End PBXFrameworksBuildPhase section */

/* Begin PBXGroup section */
		8AD0EA7EC22A1BDEBAEE945D /* Frameworks */ = {
			isa = PBXGroup;
			children = (
				D5FEF5232768E5DD00E7BDEF /* AdSupport.framework */,
				D5FEF5212768E58100E7BDEF /* AppTrackingTransparency.framework */,
				DAC6DD20D2332444501FB8AE /* Pods_Google_Ads_Test_App.framework */,
			);
			name = Frameworks;
			sourceTree = "<group>";
		};
		D52973EA2766256500384C74 = {
			isa = PBXGroup;
			children = (
				D52973F52766256500384C74 /* Google_Ads_Test_App */,
				D52973F42766256500384C74 /* Products */,
				D7C7049E205A0D5D7E1C9217 /* Pods */,
				8AD0EA7EC22A1BDEBAEE945D /* Frameworks */,
			);
			sourceTree = "<group>";
		};
		D52973F42766256500384C74 /* Products */ = {
			isa = PBXGroup;
			children = (
				D52973F32766256500384C74 /* Google_Ads_Test_App.app */,
			);
			name = Products;
			sourceTree = "<group>";
		};
		D52973F52766256500384C74 /* Google_Ads_Test_App */ = {
			isa = PBXGroup;
			children = (
				D52973F62766256500384C74 /* AppDelegate.swift */,
				D5FEF51D2768BF6600E7BDEF /* ATT alert source code.swift */,
				D52973F82766256500384C74 /* SceneDelegate.swift */,
				D52973FA2766256500384C74 /* ViewController.swift */,
				D52973FC2766256500384C74 /* Main.storyboard */,
				D52973FF2766256600384C74 /* Assets.xcassets */,
				D52974012766256600384C74 /* LaunchScreen.storyboard */,
				D52974042766256600384C74 /* Info.plist */,
			);
			path = Google_Ads_Test_App;
			sourceTree = "<group>";
		};
		D7C7049E205A0D5D7E1C9217 /* Pods */ = {
			isa = PBXGroup;
			children = (
				67FD5F9FB3EA9B1A2F49A4DC /* Pods-Google_Ads_Test_App.debug.xcconfig */,
				EFFFF53DE99FA055ECA8FA60 /* Pods-Google_Ads_Test_App.release.xcconfig */,
			);
			path = Pods;
			sourceTree = "<group>";
		};
/* End PBXGroup section */

/* Begin PBXNativeTarget section */
		D52973F22766256500384C74 /* Google_Ads_Test_App */ = {
			isa = PBXNativeTarget;
			buildConfigurationList = D52974072766256600384C74 /* Build configuration list for PBXNativeTarget "Google_Ads_Test_App" */;
			buildPhases = (
				32DCE31637902DB54F3889E9 /* [CP] Check Pods Manifest.lock */,
				D52973EF2766256500384C74 /* Sources */,
				D52973F02766256500384C74 /* Frameworks */,
				D52973F12766256500384C74 /* Resources */,
				81B7C18042FDB50BA35696FC /* [CP] Embed Pods Frameworks */,
			);
			buildRules = (
			);
			dependencies = (
			);
			name = Google_Ads_Test_App;
			productName = Google_Ads_Test_App;
			productReference = D52973F32766256500384C74 /* Google_Ads_Test_App.app */;
			productType = "com.apple.product-type.application";
		};
/* End PBXNativeTarget section */

/* Begin PBXProject section */
		D52973EB2766256500384C74 /* Project object */ = {
			isa = PBXProject;
			attributes = {
				BuildIndependentTargetsInParallel = 1;
				LastSwiftUpdateCheck = 1320;
				LastUpgradeCheck = 1320;
				TargetAttributes = {
					D52973F22766256500384C74 = {
						CreatedOnToolsVersion = 13.2;
					};
				};
			};
			buildConfigurationList = D52973EE2766256500384C74 /* Build configuration list for PBXProject "Google_Ads_Test_App" */;
			compatibilityVersion = "Xcode 13.0";
			developmentRegion = en;
			hasScannedForEncodings = 0;
			knownRegions = (
				en,
				Base,
			);
			mainGroup = D52973EA2766256500384C74;
			productRefGroup = D52973F42766256500384C74 /* Products */;
			projectDirPath = "";
			projectRoot = "";
			targets = (
				D52973F22766256500384C74 /* Google_Ads_Test_App */,
			);
		};
/* End PBXProject section */

/* Begin PBXResourcesBuildPhase section */
		D52973F12766256500384C74 /* Resources */ = {
			isa = PBXResourcesBuildPhase;
			buildActionMask = 2147483647;
			files = (
				D52974032766256600384C74 /* LaunchScreen.storyboard in Resources */,
				D52974002766256600384C74 /* Assets.xcassets in Resources */,
				D52973FE2766256500384C74 /* Main.storyboard in Resources */,
			);
			runOnlyForDeploymentPostprocessing = 0;
		};
/* End PBXResourcesBuildPhase section */

/* Begin PBXShellScriptBuildPhase section */
		32DCE31637902DB54F3889E9 /* [CP] Check Pods Manifest.lock */ = {
			isa = PBXShellScriptBuildPhase;
			buildActionMask = 2147483647;
			files = (
			);
			inputFileListPaths = (
			);
			inputPaths = (
				"${PODS_PODFILE_DIR_PATH}/Podfile.lock",
				"${PODS_ROOT}/Manifest.lock",
			);
			name = "[CP] Check Pods Manifest.lock";
			outputFileListPaths = (
			);
			outputPaths = (
				"$(DERIVED_FILE_DIR)/Pods-Google_Ads_Test_App-checkManifestLockResult.txt",
			);
			runOnlyForDeploymentPostprocessing = 0;
			shellPath = /bin/sh;
			shellScript = "diff \"${PODS_PODFILE_DIR_PATH}/Podfile.lock\" \"${PODS_ROOT}/Manifest.lock\" > /dev/null\nif [ $? != 0 ] ; then\n    # print error to STDERR\n    echo \"error: The sandbox is not in sync with the Podfile.lock. Run 'pod install' or update your CocoaPods installation.\" >&2\n    exit 1\nfi\n# This output is used by Xcode 'outputs' to avoid re-running this script phase.\necho \"SUCCESS\" > \"${SCRIPT_OUTPUT_FILE_0}\"\n";
			showEnvVarsInLog = 0;
		};
		81B7C18042FDB50BA35696FC /* [CP] Embed Pods Frameworks */ = {
			isa = PBXShellScriptBuildPhase;
			buildActionMask = 2147483647;
			files = (
			);
			inputFileListPaths = (
				"${PODS_ROOT}/Target Support Files/Pods-Google_Ads_Test_App/Pods-Google_Ads_Test_App-frameworks-${CONFIGURATION}-input-files.xcfilelist",
			);
			name = "[CP] Embed Pods Frameworks";
			outputFileListPaths = (
				"${PODS_ROOT}/Target Support Files/Pods-Google_Ads_Test_App/Pods-Google_Ads_Test_App-frameworks-${CONFIGURATION}-output-files.xcfilelist",
			);
			runOnlyForDeploymentPostprocessing = 0;
			shellPath = /bin/sh;
			shellScript = "\"${PODS_ROOT}/Target Support Files/Pods-Google_Ads_Test_App/Pods-Google_Ads_Test_App-frameworks.sh\"\n";
			showEnvVarsInLog = 0;
		};
/* End PBXShellScriptBuildPhase section */

/* Begin PBXSourcesBuildPhase section */
		D52973EF2766256500384C74 /* Sources */ = {
			isa = PBXSourcesBuildPhase;
			buildActionMask = 2147483647;
			files = (
				D52973FB2766256500384C74 /* ViewController.swift in Sources */,
				D52973F72766256500384C74 /* AppDelegate.swift in Sources */,
				D52973F92766256500384C74 /* SceneDelegate.swift in Sources */,
				D5FEF51E2768BF6600E7BDEF /* ATT alert source code.swift in Sources */,
			);
			runOnlyForDeploymentPostprocessing = 0;
		};
/* End PBXSourcesBuildPhase section */

/* Begin PBXVariantGroup section */
		D52973FC2766256500384C74 /* Main.storyboard */ = {
			isa = PBXVariantGroup;
			children = (
				D52973FD2766256500384C74 /* Base */,
			);
			name = Main.storyboard;
			sourceTree = "<group>";
		};
		D52974012766256600384C74 /* LaunchScreen.storyboard */ = {
			isa = PBXVariantGroup;
			children = (
				D52974022766256600384C74 /* Base */,
			);
			name = LaunchScreen.storyboard;
			sourceTree = "<group>";
		};
/* End PBXVariantGroup section */

/* Begin XCBuildConfiguration section */
		D52974052766256600384C74 /* Debug */ = {
			isa = XCBuildConfiguration;
			buildSettings = {
				ALWAYS_SEARCH_USER_PATHS = NO;
				CLANG_ANALYZER_NONNULL = YES;
				CLANG_ANALYZER_NUMBER_OBJECT_CONVERSION = YES_AGGRESSIVE;
				CLANG_CXX_LANGUAGE_STANDARD = "gnu++17";
				CLANG_CXX_LIBRARY = "libc++";
				CLANG_ENABLE_MODULES = YES;
				CLANG_ENABLE_OBJC_ARC = YES;
				CLANG_ENABLE_OBJC_WEAK = YES;
				CLANG_WARN_BLOCK_CAPTURE_AUTORELEASING = YES;
				CLANG_WARN_BOOL_CONVERSION = YES;
				CLANG_WARN_COMMA = YES;
				CLANG_WARN_CONSTANT_CONVERSION = YES;
				CLANG_WARN_DEPRECATED_OBJC_IMPLEMENTATIONS = YES;
				CLANG_WARN_DIRECT_OBJC_ISA_USAGE = YES_ERROR;
				CLANG_WARN_DOCUMENTATION_COMMENTS = YES;
				CLANG_WARN_EMPTY_BODY = YES;
				CLANG_WARN_ENUM_CONVERSION = YES;
				CLANG_WARN_INFINITE_RECURSION = YES;
				CLANG_WARN_INT_CONVERSION = YES;
				CLANG_WARN_NON_LITERAL_NULL_CONVERSION = YES;
				CLANG_WARN_OBJC_IMPLICIT_RETAIN_SELF = YES;
				CLANG_WARN_OBJC_LITERAL_CONVERSION = YES;
				CLANG_WARN_OBJC_ROOT_CLASS = YES_ERROR;
				CLANG_WARN_QUOTED_INCLUDE_IN_FRAMEWORK_HEADER = YES;
				CLANG_WARN_RANGE_LOOP_ANALYSIS = YES;
				CLANG_WARN_STRICT_PROTOTYPES = YES;
				CLANG_WARN_SUSPICIOUS_MOVE = YES;
				CLANG_WARN_UNGUARDED_AVAILABILITY = YES_AGGRESSIVE;
				CLANG_WARN_UNREACHABLE_CODE = YES;
				CLANG_WARN__DUPLICATE_METHOD_MATCH = YES;
				COPY_PHASE_STRIP = NO;
				DEBUG_INFORMATION_FORMAT = dwarf;
				ENABLE_STRICT_OBJC_MSGSEND = YES;
				ENABLE_TESTABILITY = YES;
				GCC_C_LANGUAGE_STANDARD = gnu11;
				GCC_DYNAMIC_NO_PIC = NO;
				GCC_NO_COMMON_BLOCKS = YES;
				GCC_OPTIMIZATION_LEVEL = 0;
				GCC_PREPROCESSOR_DEFINITIONS = (
					"DEBUG=1",
					"$(inherited)",
				);
				GCC_WARN_64_TO_32_BIT_CONVERSION = YES;
				GCC_WARN_ABOUT_RETURN_TYPE = YES_ERROR;
				GCC_WARN_UNDECLARED_SELECTOR = YES;
				GCC_WARN_UNINITIALIZED_AUTOS = YES_AGGRESSIVE;
				GCC_WARN_UNUSED_FUNCTION = YES;
				GCC_WARN_UNUSED_VARIABLE = YES;
				IPHONEOS_DEPLOYMENT_TARGET = 15.2;
				MTL_ENABLE_DEBUG_INFO = INCLUDE_SOURCE;
				MTL_FAST_MATH = YES;
				ONLY_ACTIVE_ARCH = YES;
				SDKROOT = iphoneos;
				SWIFT_ACTIVE_COMPILATION_CONDITIONS = DEBUG;
				SWIFT_OPTIMIZATION_LEVEL = "-Onone";
			};
			name = Debug;
		};
		D52974062766256600384C74 /* Release */ = {
			isa = XCBuildConfiguration;
			buildSettings = {
				ALWAYS_SEARCH_USER_PATHS = NO;
				CLANG_ANALYZER_NONNULL = YES;
				CLANG_ANALYZER_NUMBER_OBJECT_CONVERSION = YES_AGGRESSIVE;
				CLANG_CXX_LANGUAGE_STANDARD = "gnu++17";
				CLANG_CXX_LIBRARY = "libc++";
				CLANG_ENABLE_MODULES = YES;
				CLANG_ENABLE_OBJC_ARC = YES;
				CLANG_ENABLE_OBJC_WEAK = YES;
				CLANG_WARN_BLOCK_CAPTURE_AUTORELEASING = YES;
				CLANG_WARN_BOOL_CONVERSION = YES;
				CLANG_WARN_COMMA = YES;
				CLANG_WARN_CONSTANT_CONVERSION = YES;
				CLANG_WARN_DEPRECATED_OBJC_IMPLEMENTATIONS = YES;
				CLANG_WARN_DIRECT_OBJC_ISA_USAGE = YES_ERROR;
				CLANG_WARN_DOCUMENTATION_COMMENTS = YES;
				CLANG_WARN_EMPTY_BODY = YES;
				CLANG_WARN_ENUM_CONVERSION = YES;
				CLANG_WARN_INFINITE_RECURSION = YES;
				CLANG_WARN_INT_CONVERSION = YES;
				CLANG_WARN_NON_LITERAL_NULL_CONVERSION = YES;
				CLANG_WARN_OBJC_IMPLICIT_RETAIN_SELF = YES;
				CLANG_WARN_OBJC_LITERAL_CONVERSION = YES;
				CLANG_WARN_OBJC_ROOT_CLASS = YES_ERROR;
				CLANG_WARN_QUOTED_INCLUDE_IN_FRAMEWORK_HEADER = YES;
				CLANG_WARN_RANGE_LOOP_ANALYSIS = YES;
				CLANG_WARN_STRICT_PROTOTYPES = YES;
				CLANG_WARN_SUSPICIOUS_MOVE = YES;
				CLANG_WARN_UNGUARDED_AVAILABILITY = YES_AGGRESSIVE;
				CLANG_WARN_UNREACHABLE_CODE = YES;
				CLANG_WARN__DUPLICATE_METHOD_MATCH = YES;
				COPY_PHASE_STRIP = NO;
				DEBUG_INFORMATION_FORMAT = "dwarf-with-dsym";
				ENABLE_NS_ASSERTIONS = NO;
				ENABLE_STRICT_OBJC_MSGSEND = YES;
				GCC_C_LANGUAGE_STANDARD = gnu11;
				GCC_NO_COMMON_BLOCKS = YES;
				GCC_WARN_64_TO_32_BIT_CONVERSION = YES;
				GCC_WARN_ABOUT_RETURN_TYPE = YES_ERROR;
				GCC_WARN_UNDECLARED_SELECTOR = YES;
				GCC_WARN_UNINITIALIZED_AUTOS = YES_AGGRESSIVE;
				GCC_WARN_UNUSED_FUNCTION = YES;
				GCC_WARN_UNUSED_VARIABLE = YES;
				IPHONEOS_DEPLOYMENT_TARGET = 15.2;
				MTL_ENABLE_DEBUG_INFO = NO;
				MTL_FAST_MATH = YES;
				SDKROOT = iphoneos;
				SWIFT_COMPILATION_MODE = wholemodule;
				SWIFT_OPTIMIZATION_LEVEL = "-O";
				VALIDATE_PRODUCT = YES;
			};
			name = Release;
		};
		D52974082766256600384C74 /* Debug */ = {
			isa = XCBuildConfiguration;
			baseConfigurationReference = 67FD5F9FB3EA9B1A2F49A4DC /* Pods-Google_Ads_Test_App.debug.xcconfig */;
			buildSettings = {
				ASSETCATALOG_COMPILER_APPICON_NAME = AppIcon;
				ASSETCATALOG_COMPILER_GLOBAL_ACCENT_COLOR_NAME = AccentColor;
				CODE_SIGN_STYLE = Automatic;
				CURRENT_PROJECT_VERSION = 1;
				DEVELOPMENT_TEAM = K2XWCR3756;
				GENERATE_INFOPLIST_FILE = YES;
				INFOPLIST_FILE = Google_Ads_Test_App/Info.plist;
				INFOPLIST_KEY_UIApplicationSupportsIndirectInputEvents = YES;
				INFOPLIST_KEY_UILaunchStoryboardName = LaunchScreen;
				INFOPLIST_KEY_UIMainStoryboardFile = Main;
				INFOPLIST_KEY_UISupportedInterfaceOrientations_iPad = "UIInterfaceOrientationPortrait UIInterfaceOrientationPortraitUpsideDown UIInterfaceOrientationLandscapeLeft UIInterfaceOrientationLandscapeRight";
				INFOPLIST_KEY_UISupportedInterfaceOrientations_iPhone = "UIInterfaceOrientationPortrait UIInterfaceOrientationLandscapeLeft UIInterfaceOrientationLandscapeRight";
				LD_RUNPATH_SEARCH_PATHS = (
					"$(inherited)",
					"@executable_path/Frameworks",
				);
				MARKETING_VERSION = 1.0;
				PRODUCT_BUNDLE_IDENTIFIER = "Test.Google-Ads-Test-App";
				PRODUCT_NAME = "$(TARGET_NAME)";
				SWIFT_EMIT_LOC_STRINGS = YES;
				SWIFT_VERSION = 5.0;
				TARGETED_DEVICE_FAMILY = "1,2";
			};
			name = Debug;
		};
		D52974092766256600384C74 /* Release */ = {
			isa = XCBuildConfiguration;
			baseConfigurationReference = EFFFF53DE99FA055ECA8FA60 /* Pods-Google_Ads_Test_App.release.xcconfig */;
			buildSettings = {
				ASSETCATALOG_COMPILER_APPICON_NAME = AppIcon;
				ASSETCATALOG_COMPILER_GLOBAL_ACCENT_COLOR_NAME = AccentColor;
				CODE_SIGN_STYLE = Automatic;
				CURRENT_PROJECT_VERSION = 1;
				DEVELOPMENT_TEAM = K2XWCR3756;
				GENERATE_INFOPLIST_FILE = YES;
				INFOPLIST_FILE = Google_Ads_Test_App/Info.plist;
				INFOPLIST_KEY_UIApplicationSupportsIndirectInputEvents = YES;
				INFOPLIST_KEY_UILaunchStoryboardName = LaunchScreen;
				INFOPLIST_KEY_UIMainStoryboardFile = Main;
				INFOPLIST_KEY_UISupportedInterfaceOrientations_iPad = "UIInterfaceOrientationPortrait UIInterfaceOrientationPortraitUpsideDown UIInterfaceOrientationLandscapeLeft UIInterfaceOrientationLandscapeRight";
				INFOPLIST_KEY_UISupportedInterfaceOrientations_iPhone = "UIInterfaceOrientationPortrait UIInterfaceOrientationLandscapeLeft UIInterfaceOrientationLandscapeRight";
				LD_RUNPATH_SEARCH_PATHS = (
					"$(inherited)",
					"@executable_path/Frameworks",
				);
				MARKETING_VERSION = 1.0;
				PRODUCT_BUNDLE_IDENTIFIER = "Test.Google-Ads-Test-App";
				PRODUCT_NAME = "$(TARGET_NAME)";
				SWIFT_EMIT_LOC_STRINGS = YES;
				SWIFT_VERSION = 5.0;
				TARGETED_DEVICE_FAMILY = "1,2";
			};
			name = Release;
		};
/* End XCBuildConfiguration section */

/* Begin XCConfigurationList section */
		D52973EE2766256500384C74 /* Build configuration list for PBXProject "Google_Ads_Test_App" */ = {
			isa = XCConfigurationList;
			buildConfigurations = (
				D52974052766256600384C74 /* Debug */,
				D52974062766256600384C74 /* Release */,
			);
			defaultConfigurationIsVisible = 0;
			defaultConfigurationName = Release;
		};
		D52974072766256600384C74 /* Build configuration list for PBXNativeTarget "Google_Ads_Test_App" */ = {
			isa = XCConfigurationList;
			buildConfigurations = (
				D52974082766256600384C74 /* Debug */,
				D52974092766256600384C74 /* Release */,
			);
			defaultConfigurationIsVisible = 0;
			defaultConfigurationName = Release;
		};
/* End XCConfigurationList section */
	};
	rootObject = D52973EB2766256500384C74 /* Project object */;
}
