// !$*UTF8*$!
{
	archiveVersion = 1;
	classes = {
	};
	objectVersion = 50;
	objects = {

/* Begin PBXBuildFile section */
		B379D6C725A08CD000D138C5 /* AppDelegate.swift in Sources */ = {isa = PBXBuildFile; fileRef = B379D6C625A08CD000D138C5 /* AppDelegate.swift */; };
		B379D6C925A08CD000D138C5 /* SceneDelegate.swift in Sources */ = {isa = PBXBuildFile; fileRef = B379D6C825A08CD000D138C5 /* SceneDelegate.swift */; };
		B379D6CB25A08CD000D138C5 /* ViewController.swift in Sources */ = {isa = PBXBuildFile; fileRef = B379D6CA25A08CD000D138C5 /* ViewController.swift */; };
		B379D6CE25A08CD000D138C5 /* Main.storyboard in Resources */ = {isa = PBXBuildFile; fileRef = B379D6CC25A08CD000D138C5 /* Main.storyboard */; };
		B379D6D025A08CD200D138C5 /* Assets.xcassets in Resources */ = {isa = PBXBuildFile; fileRef = B379D6CF25A08CD200D138C5 /* Assets.xcassets */; };
		B379D6D325A08CD200D138C5 /* LaunchScreen.storyboard in Resources */ = {isa = PBXBuildFile; fileRef = B379D6D125A08CD200D138C5 /* LaunchScreen.storyboard */; };
/* End PBXBuildFile section */

/* Begin PBXFileReference section */
		B379D6C325A08CD000D138C5 /* iPad Horizontal.app */ = {isa = PBXFileReference; explicitFileType = wrapper.application; includeInIndex = 0; path = "iPad Horizontal.app"; sourceTree = BUILT_PRODUCTS_DIR; };
		B379D6C625A08CD000D138C5 /* AppDelegate.swift */ = {isa = PBXFileReference; lastKnownFileType = sourcecode.swift; path = AppDelegate.swift; sourceTree = "<group>"; };
		B379D6C825A08CD000D138C5 /* SceneDelegate.swift */ = {isa = PBXFileReference; lastKnownFileType = sourcecode.swift; path = SceneDelegate.swift; sourceTree = "<group>"; };
		B379D6CA25A08CD000D138C5 /* ViewController.swift */ = {isa = PBXFileReference; lastKnownFileType = sourcecode.swift; path = ViewController.swift; sourceTree = "<group>"; };
		B379D6CD25A08CD000D138C5 /* Base */ = {isa = PBXFileReference; lastKnownFileType = file.storyboard; name = Base; path = Base.lproj/Main.storyboard; sourceTree = "<group>"; };
		B379D6CF25A08CD200D138C5 /* Assets.xcassets */ = {isa = PBXFileReference; lastKnownFileType = folder.assetcatalog; path = Assets.xcassets; sourceTree = "<group>"; };
		B379D6D225A08CD200D138C5 /* Base */ = {isa = PBXFileReference; lastKnownFileType = file.storyboard; name = Base; path = Base.lproj/LaunchScreen.storyboard; sourceTree = "<group>"; };
		B379D6D425A08CD200D138C5 /* Info.plist */ = {isa = PBXFileReference; lastKnownFileType = text.plist.xml; path = Info.plist; sourceTree = "<group>"; };
/* End PBXFileReference section */

/* Begin PBXFrameworksBuildPhase section */
		B379D6C025A08CD000D138C5 /* Frameworks */ = {
			isa = PBXFrameworksBuildPhase;
			buildActionMask = 2147483647;
			files = (
			);
			runOnlyForDeploymentPostprocessing = 0;
		};
/* End PBXFrameworksBuildPhase section */

/* Begin PBXGroup section */
		B379D6BA25A08CD000D138C5 = {
			isa = PBXGroup;
			children = (
				B379D6C525A08CD000D138C5 /* iPad Horizontal */,
				B379D6C425A08CD000D138C5 /* Products */,
			);
			sourceTree = "<group>";
		};
		B379D6C425A08CD000D138C5 /* Products */ = {
			isa = PBXGroup;
			children = (
				B379D6C325A08CD000D138C5 /* iPad Horizontal.app */,
			);
			name = Products;
			sourceTree = "<group>";
		};
		B379D6C525A08CD000D138C5 /* iPad Horizontal */ = {
			isa = PBXGroup;
			children = (
				B379D6C625A08CD000D138C5 /* AppDelegate.swift */,
				B379D6C825A08CD000D138C5 /* SceneDelegate.swift */,
				B379D6CA25A08CD000D138C5 /* ViewController.swift */,
				B379D6CC25A08CD000D138C5 /* Main.storyboard */,
				B379D6CF25A08CD200D138C5 /* Assets.xcassets */,
				B379D6D125A08CD200D138C5 /* LaunchScreen.storyboard */,
				B379D6D425A08CD200D138C5 /* Info.plist */,
			);
			path = "iPad Horizontal";
			sourceTree = "<group>";
		};
/* End PBXGroup section */

/* Begin PBXNativeTarget section */
		B379D6C225A08CD000D138C5 /* iPad Horizontal */ = {
			isa = PBXNativeTarget;
			buildConfigurationList = B379D6D725A08CD200D138C5 /* Build configuration list for PBXNativeTarget "iPad Horizontal" */;
			buildPhases = (
				B379D6BF25A08CD000D138C5 /* Sources */,
				B379D6C025A08CD000D138C5 /* Frameworks */,
				B379D6C125A08CD000D138C5 /* Resources */,
			);
			buildRules = (
			);
			dependencies = (
			);
			name = "iPad Horizontal";
			productName = "iPad Horizontal";
			productReference = B379D6C325A08CD000D138C5 /* iPad Horizontal.app */;
			productType = "com.apple.product-type.application";
		};
/* End PBXNativeTarget section */

/* Begin PBXProject section */
		B379D6BB25A08CD000D138C5 /* Project object */ = {
			isa = PBXProject;
			attributes = {
				LastSwiftUpdateCheck = 1230;
				LastUpgradeCheck = 1230;
				TargetAttributes = {
					B379D6C225A08CD000D138C5 = {
						CreatedOnToolsVersion = 12.3;
					};
				};
			};
			buildConfigurationList = B379D6BE25A08CD000D138C5 /* Build configuration list for PBXProject "iPad Horizontal" */;
			compatibilityVersion = "Xcode 9.3";
			developmentRegion = en;
			hasScannedForEncodings = 0;
			knownRegions = (
				en,
				Base,
			);
			mainGroup = B379D6BA25A08CD000D138C5;
			productRefGroup = B379D6C425A08CD000D138C5 /* Products */;
			projectDirPath = "";
			projectRoot = "";
			targets = (
				B379D6C225A08CD000D138C5 /* iPad Horizontal */,
			);
		};
/* End PBXProject section */

/* Begin PBXResourcesBuildPhase section */
		B379D6C125A08CD000D138C5 /* Resources */ = {
			isa = PBXResourcesBuildPhase;
			buildActionMask = 2147483647;
			files = (
				B379D6D325A08CD200D138C5 /* LaunchScreen.storyboard in Resources */,
				B379D6D025A08CD200D138C5 /* Assets.xcassets in Resources */,
				B379D6CE25A08CD000D138C5 /* Main.storyboard in Resources */,
			);
			runOnlyForDeploymentPostprocessing = 0;
		};
/* End PBXResourcesBuildPhase section */

/* Begin PBXSourcesBuildPhase section */
		B379D6BF25A08CD000D138C5 /* Sources */ = {
			isa = PBXSourcesBuildPhase;
			buildActionMask = 2147483647;
			files = (
				B379D6CB25A08CD000D138C5 /* ViewController.swift in Sources */,
				B379D6C725A08CD000D138C5 /* AppDelegate.swift in Sources */,
				B379D6C925A08CD000D138C5 /* SceneDelegate.swift in Sources */,
			);
			runOnlyForDeploymentPostprocessing = 0;
		};
/* End PBXSourcesBuildPhase section */

/* Begin PBXVariantGroup section */
		B379D6CC25A08CD000D138C5 /* Main.storyboard */ = {
			isa = PBXVariantGroup;
			children = (
				B379D6CD25A08CD000D138C5 /* Base */,
			);
			name = Main.storyboard;
			sourceTree = "<group>";
		};
		B379D6D125A08CD200D138C5 /* LaunchScreen.storyboard */ = {
			isa = PBXVariantGroup;
			children = (
				B379D6D225A08CD200D138C5 /* Base */,
			);
			name = LaunchScreen.storyboard;
			sourceTree = "<group>";
		};
/* End PBXVariantGroup section */

/* Begin XCBuildConfiguration section */
		B379D6D525A08CD200D138C5 /* Debug */ = {
			isa = XCBuildConfiguration;
			buildSettings = {
				ALWAYS_SEARCH_USER_PATHS = NO;
				CLANG_ANALYZER_NONNULL = YES;
				CLANG_ANALYZER_NUMBER_OBJECT_CONVERSION = YES_AGGRESSIVE;
				CLANG_CXX_LANGUAGE_STANDARD = "gnu++14";
				CLANG_CXX_LIBRARY = "libc++";
				CLANG_ENABLE_MODULES = YES;
				CLANG_ENABLE_OBJC_ARC = YES;
				CLANG_ENABLE_OBJC_WEAK = YES;
				CLANG_WARN_BLOCK_CAPTURE_AUTORELEASING = YES;
				CLANG_WARN_BOOL_CONVERSION = YES;
				CLANG_WARN_COMMA = YES;
				CLANG_WARN_CONSTANT_CONVERSION = YES;
				CLANG_WARN_DEPRECATED_OBJC_IMPLEMENTATIONS = YES;
				CLANG_WARN_DIRECT_OBJC_ISA_USAGE = YES_ERROR;
				CLANG_WARN_DOCUMENTATION_COMMENTS = YES;
				CLANG_WARN_EMPTY_BODY = YES;
				CLANG_WARN_ENUM_CONVERSION = YES;
				CLANG_WARN_INFINITE_RECURSION = YES;
				CLANG_WARN_INT_CONVERSION = YES;
				CLANG_WARN_NON_LITERAL_NULL_CONVERSION = YES;
				CLANG_WARN_OBJC_IMPLICIT_RETAIN_SELF = YES;
				CLANG_WARN_OBJC_LITERAL_CONVERSION = YES;
				CLANG_WARN_OBJC_ROOT_CLASS = YES_ERROR;
				CLANG_WARN_QUOTED_INCLUDE_IN_FRAMEWORK_HEADER = YES;
				CLANG_WARN_RANGE_LOOP_ANALYSIS = YES;
				CLANG_WARN_STRICT_PROTOTYPES = YES;
				CLANG_WARN_SUSPICIOUS_MOVE = YES;
				CLANG_WARN_UNGUARDED_AVAILABILITY = YES_AGGRESSIVE;
				CLANG_WARN_UNREACHABLE_CODE = YES;
				CLANG_WARN__DUPLICATE_METHOD_MATCH = YES;
				COPY_PHASE_STRIP = NO;
				DEBUG_INFORMATION_FORMAT = dwarf;
				ENABLE_STRICT_OBJC_MSGSEND = YES;
				ENABLE_TESTABILITY = YES;
				GCC_C_LANGUAGE_STANDARD = gnu11;
				GCC_DYNAMIC_NO_PIC = NO;
				GCC_NO_COMMON_BLOCKS = YES;
				GCC_OPTIMIZATION_LEVEL = 0;
				GCC_PREPROCESSOR_DEFINITIONS = (
					"DEBUG=1",
					"$(inherited)",
				);
				GCC_WARN_64_TO_32_BIT_CONVERSION = YES;
				GCC_WARN_ABOUT_RETURN_TYPE = YES_ERROR;
				GCC_WARN_UNDECLARED_SELECTOR = YES;
				GCC_WARN_UNINITIALIZED_AUTOS = YES_AGGRESSIVE;
				GCC_WARN_UNUSED_FUNCTION = YES;
				GCC_WARN_UNUSED_VARIABLE = YES;
				IPHONEOS_DEPLOYMENT_TARGET = 14.3;
				MTL_ENABLE_DEBUG_INFO = INCLUDE_SOURCE;
				MTL_FAST_MATH = YES;
				ONLY_ACTIVE_ARCH = YES;
				SDKROOT = iphoneos;
				SWIFT_ACTIVE_COMPILATION_CONDITIONS = DEBUG;
				SWIFT_OPTIMIZATION_LEVEL = "-Onone";
			};
			name = Debug;
		};
		B379D6D625A08CD200D138C5 /* Release */ = {
			isa = XCBuildConfiguration;
			buildSettings = {
				ALWAYS_SEARCH_USER_PATHS = NO;
				CLANG_ANALYZER_NONNULL = YES;
				CLANG_ANALYZER_NUMBER_OBJECT_CONVERSION = YES_AGGRESSIVE;
				CLANG_CXX_LANGUAGE_STANDARD = "gnu++14";
				CLANG_CXX_LIBRARY = "libc++";
				CLANG_ENABLE_MODULES = YES;
				CLANG_ENABLE_OBJC_ARC = YES;
				CLANG_ENABLE_OBJC_WEAK = YES;
				CLANG_WARN_BLOCK_CAPTURE_AUTORELEASING = YES;
				CLANG_WARN_BOOL_CONVERSION = YES;
				CLANG_WARN_COMMA = YES;
				CLANG_WARN_CONSTANT_CONVERSION = YES;
				CLANG_WARN_DEPRECATED_OBJC_IMPLEMENTATIONS = YES;
				CLANG_WARN_DIRECT_OBJC_ISA_USAGE = YES_ERROR;
				CLANG_WARN_DOCUMENTATION_COMMENTS = YES;
				CLANG_WARN_EMPTY_BODY = YES;
				CLANG_WARN_ENUM_CONVERSION = YES;
				CLANG_WARN_INFINITE_RECURSION = YES;
				CLANG_WARN_INT_CONVERSION = YES;
				CLANG_WARN_NON_LITERAL_NULL_CONVERSION = YES;
				CLANG_WARN_OBJC_IMPLICIT_RETAIN_SELF = YES;
				CLANG_WARN_OBJC_LITERAL_CONVERSION = YES;
				CLANG_WARN_OBJC_ROOT_CLASS = YES_ERROR;
				CLANG_WARN_QUOTED_INCLUDE_IN_FRAMEWORK_HEADER = YES;
				CLANG_WARN_RANGE_LOOP_ANALYSIS = YES;
				CLANG_WARN_STRICT_PROTOTYPES = YES;
				CLANG_WARN_SUSPICIOUS_MOVE = YES;
				CLANG_WARN_UNGUARDED_AVAILABILITY = YES_AGGRESSIVE;
				CLANG_WARN_UNREACHABLE_CODE = YES;
				CLANG_WARN__DUPLICATE_METHOD_MATCH = YES;
				COPY_PHASE_STRIP = NO;
				DEBUG_INFORMATION_FORMAT = "dwarf-with-dsym";
				ENABLE_NS_ASSERTIONS = NO;
				ENABLE_STRICT_OBJC_MSGSEND = YES;
				GCC_C_LANGUAGE_STANDARD = gnu11;
				GCC_NO_COMMON_BLOCKS = YES;
				GCC_WARN_64_TO_32_BIT_CONVERSION = YES;
				GCC_WARN_ABOUT_RETURN_TYPE = YES_ERROR;
				GCC_WARN_UNDECLARED_SELECTOR = YES;
				GCC_WARN_UNINITIALIZED_AUTOS = YES_AGGRESSIVE;
				GCC_WARN_UNUSED_FUNCTION = YES;
				GCC_WARN_UNUSED_VARIABLE = YES;
				IPHONEOS_DEPLOYMENT_TARGET = 14.3;
				MTL_ENABLE_DEBUG_INFO = NO;
				MTL_FAST_MATH = YES;
				SDKROOT = iphoneos;
				SWIFT_COMPILATION_MODE = wholemodule;
				SWIFT_OPTIMIZATION_LEVEL = "-O";
				VALIDATE_PRODUCT = YES;
			};
			name = Release;
		};
		B379D6D825A08CD200D138C5 /* Debug */ = {
			isa = XCBuildConfiguration;
			buildSettings = {
				ASSETCATALOG_COMPILER_APPICON_NAME = AppIcon;
				ASSETCATALOG_COMPILER_GLOBAL_ACCENT_COLOR_NAME = AccentColor;
				CODE_SIGN_STYLE = Automatic;
				DEVELOPMENT_TEAM = K2XWCR3756;
				INFOPLIST_FILE = "iPad Horizontal/Info.plist";
				LD_RUNPATH_SEARCH_PATHS = (
					"$(inherited)",
					"@executable_path/Frameworks",
				);
				PRODUCT_BUNDLE_IDENTIFIER = "SNStudio.iPad-Horizontal";
				PRODUCT_NAME = "$(TARGET_NAME)";
				SWIFT_VERSION = 5.0;
				TARGETED_DEVICE_FAMILY = "1,2";
			};
			name = Debug;
		};
		B379D6D925A08CD200D138C5 /* Release */ = {
			isa = XCBuildConfiguration;
			buildSettings = {
				ASSETCATALOG_COMPILER_APPICON_NAME = AppIcon;
				ASSETCATALOG_COMPILER_GLOBAL_ACCENT_COLOR_NAME = AccentColor;
				CODE_SIGN_STYLE = Automatic;
				DEVELOPMENT_TEAM = K2XWCR3756;
				INFOPLIST_FILE = "iPad Horizontal/Info.plist";
				LD_RUNPATH_SEARCH_PATHS = (
					"$(inherited)",
					"@executable_path/Frameworks",
				);
				PRODUCT_BUNDLE_IDENTIFIER = "SNStudio.iPad-Horizontal";
				PRODUCT_NAME = "$(TARGET_NAME)";
				SWIFT_VERSION = 5.0;
				TARGETED_DEVICE_FAMILY = "1,2";
			};
			name = Release;
		};
/* End XCBuildConfiguration section */

/* Begin XCConfigurationList section */
		B379D6BE25A08CD000D138C5 /* Build configuration list for PBXProject "iPad Horizontal" */ = {
			isa = XCConfigurationList;
			buildConfigurations = (
				B379D6D525A08CD200D138C5 /* Debug */,
				B379D6D625A08CD200D138C5 /* Release */,
			);
			defaultConfigurationIsVisible = 0;
			defaultConfigurationName = Release;
		};
		B379D6D725A08CD200D138C5 /* Build configuration list for PBXNativeTarget "iPad Horizontal" */ = {
			isa = XCConfigurationList;
			buildConfigurations = (
				B379D6D825A08CD200D138C5 /* Debug */,
				B379D6D925A08CD200D138C5 /* Release */,
			);
			defaultConfigurationIsVisible = 0;
			defaultConfigurationName = Release;
		};
/* End XCConfigurationList section */
	};
	rootObject = B379D6BB25A08CD000D138C5 /* Project object */;
}
